// !$*UTF8*$!
{
	archiveVersion = 1;
	classes = {
	};
	objectVersion = 52;
	objects = {

/* Begin PBXBuildFile section */
		4261E99A83954936AA903BE6 /* Pods_kanto_test.framework in Frameworks */ = {isa = PBXBuildFile; fileRef = 04D70704A06FFFE34646A67F /* Pods_kanto_test.framework */; };
		D68B8BFDEDF306A41A576AF0 /* Pods_kanto_test_kanto_testUITests.framework in Frameworks */ = {isa = PBXBuildFile; fileRef = 110ED9FCECAF8DE97C2E21D1 /* Pods_kanto_test_kanto_testUITests.framework */; };
		D9207FA1EC114B748BCB86E2 /* Pods_kanto_testTests.framework in Frameworks */ = {isa = PBXBuildFile; fileRef = 836FCE47363D2A47431684B8 /* Pods_kanto_testTests.framework */; };
		FD7BA56F26016F7C007A509D /* AppDelegate.swift in Sources */ = {isa = PBXBuildFile; fileRef = FD7BA56E26016F7C007A509D /* AppDelegate.swift */; };
		FD7BA57126016F7C007A509D /* SceneDelegate.swift in Sources */ = {isa = PBXBuildFile; fileRef = FD7BA57026016F7C007A509D /* SceneDelegate.swift */; };
		FD7BA57326016F7C007A509D /* ViewController.swift in Sources */ = {isa = PBXBuildFile; fileRef = FD7BA57226016F7C007A509D /* ViewController.swift */; };
		FD7BA57626016F7C007A509D /* Main.storyboard in Resources */ = {isa = PBXBuildFile; fileRef = FD7BA57426016F7C007A509D /* Main.storyboard */; };
		FD7BA57826016F7E007A509D /* Assets.xcassets in Resources */ = {isa = PBXBuildFile; fileRef = FD7BA57726016F7E007A509D /* Assets.xcassets */; };
		FD7BA57B26016F7E007A509D /* LaunchScreen.storyboard in Resources */ = {isa = PBXBuildFile; fileRef = FD7BA57926016F7E007A509D /* LaunchScreen.storyboard */; };
		FD7BA5A626017E60007A509D /* Bond in Frameworks */ = {isa = PBXBuildFile; productRef = FD7BA5A526017E60007A509D /* Bond */; };
		FD7BA5AC26017ED6007A509D /* Realm in Frameworks */ = {isa = PBXBuildFile; productRef = FD7BA5AB26017ED6007A509D /* Realm */; };
		FD7BA5AE26017ED6007A509D /* RealmSwift in Frameworks */ = {isa = PBXBuildFile; productRef = FD7BA5AD26017ED6007A509D /* RealmSwift */; };
/* End PBXBuildFile section */

/* Begin PBXContainerItemProxy section */
		FD7BA58226016F7E007A509D /* PBXContainerItemProxy */ = {
			isa = PBXContainerItemProxy;
			containerPortal = FD7BA56326016F7C007A509D /* Project object */;
			proxyType = 1;
			remoteGlobalIDString = FD7BA56A26016F7C007A509D;
			remoteInfo = "kanto-test";
		};
		FD7BA58D26016F7E007A509D /* PBXContainerItemProxy */ = {
			isa = PBXContainerItemProxy;
			containerPortal = FD7BA56326016F7C007A509D /* Project object */;
			proxyType = 1;
			remoteGlobalIDString = FD7BA56A26016F7C007A509D;
			remoteInfo = "kanto-test";
		};
/* End PBXContainerItemProxy section */

/* Begin PBXFileReference section */
		04D70704A06FFFE34646A67F /* Pods_kanto_test.framework */ = {isa = PBXFileReference; explicitFileType = wrapper.framework; includeInIndex = 0; path = Pods_kanto_test.framework; sourceTree = BUILT_PRODUCTS_DIR; };
		0698704B4FD3897428D41AD7 /* Pods-kanto-test-kanto-testUITests.debug.xcconfig */ = {isa = PBXFileReference; includeInIndex = 1; lastKnownFileType = text.xcconfig; name = "Pods-kanto-test-kanto-testUITests.debug.xcconfig"; path = "Target Support Files/Pods-kanto-test-kanto-testUITests/Pods-kanto-test-kanto-testUITests.debug.xcconfig"; sourceTree = "<group>"; };
		110ED9FCECAF8DE97C2E21D1 /* Pods_kanto_test_kanto_testUITests.framework */ = {isa = PBXFileReference; explicitFileType = wrapper.framework; includeInIndex = 0; path = Pods_kanto_test_kanto_testUITests.framework; sourceTree = BUILT_PRODUCTS_DIR; };
		2736AFC7C2B74D039863841C /* Pods-kanto-test.debug.xcconfig */ = {isa = PBXFileReference; includeInIndex = 1; lastKnownFileType = text.xcconfig; name = "Pods-kanto-test.debug.xcconfig"; path = "Target Support Files/Pods-kanto-test/Pods-kanto-test.debug.xcconfig"; sourceTree = "<group>"; };
		681D3AA51DA9B1A829B09DFE /* Pods-kanto-test-kanto-testUITests.release.xcconfig */ = {isa = PBXFileReference; includeInIndex = 1; lastKnownFileType = text.xcconfig; name = "Pods-kanto-test-kanto-testUITests.release.xcconfig"; path = "Target Support Files/Pods-kanto-test-kanto-testUITests/Pods-kanto-test-kanto-testUITests.release.xcconfig"; sourceTree = "<group>"; };
		836FCE47363D2A47431684B8 /* Pods_kanto_testTests.framework */ = {isa = PBXFileReference; explicitFileType = wrapper.framework; includeInIndex = 0; path = Pods_kanto_testTests.framework; sourceTree = BUILT_PRODUCTS_DIR; };
		99B42CE3368733DEA358BA56 /* Pods-kanto-testTests.release.xcconfig */ = {isa = PBXFileReference; includeInIndex = 1; lastKnownFileType = text.xcconfig; name = "Pods-kanto-testTests.release.xcconfig"; path = "Target Support Files/Pods-kanto-testTests/Pods-kanto-testTests.release.xcconfig"; sourceTree = "<group>"; };
		B6009CC94E416D5CC12375A5 /* Pods-kanto-testTests.debug.xcconfig */ = {isa = PBXFileReference; includeInIndex = 1; lastKnownFileType = text.xcconfig; name = "Pods-kanto-testTests.debug.xcconfig"; path = "Target Support Files/Pods-kanto-testTests/Pods-kanto-testTests.debug.xcconfig"; sourceTree = "<group>"; };
		BB4F6D25DB4B2B0CB42FD380 /* Pods-kanto-test.release.xcconfig */ = {isa = PBXFileReference; includeInIndex = 1; lastKnownFileType = text.xcconfig; name = "Pods-kanto-test.release.xcconfig"; path = "Target Support Files/Pods-kanto-test/Pods-kanto-test.release.xcconfig"; sourceTree = "<group>"; };
		FD7BA56B26016F7C007A509D /* kanto-test.app */ = {isa = PBXFileReference; explicitFileType = wrapper.application; includeInIndex = 0; path = "kanto-test.app"; sourceTree = BUILT_PRODUCTS_DIR; };
		FD7BA56E26016F7C007A509D /* AppDelegate.swift */ = {isa = PBXFileReference; lastKnownFileType = sourcecode.swift; path = AppDelegate.swift; sourceTree = "<group>"; };
		FD7BA57026016F7C007A509D /* SceneDelegate.swift */ = {isa = PBXFileReference; lastKnownFileType = sourcecode.swift; path = SceneDelegate.swift; sourceTree = "<group>"; };
		FD7BA57226016F7C007A509D /* ViewController.swift */ = {isa = PBXFileReference; lastKnownFileType = sourcecode.swift; path = ViewController.swift; sourceTree = "<group>"; };
		FD7BA57526016F7C007A509D /* Base */ = {isa = PBXFileReference; lastKnownFileType = file.storyboard; name = Base; path = Base.lproj/Main.storyboard; sourceTree = "<group>"; };
		FD7BA57726016F7E007A509D /* Assets.xcassets */ = {isa = PBXFileReference; lastKnownFileType = folder.assetcatalog; path = Assets.xcassets; sourceTree = "<group>"; };
		FD7BA57A26016F7E007A509D /* Base */ = {isa = PBXFileReference; lastKnownFileType = file.storyboard; name = Base; path = Base.lproj/LaunchScreen.storyboard; sourceTree = "<group>"; };
		FD7BA57C26016F7E007A509D /* Info.plist */ = {isa = PBXFileReference; lastKnownFileType = text.plist.xml; path = Info.plist; sourceTree = "<group>"; };
		FD7BA58126016F7E007A509D /* kanto-testTests.xctest */ = {isa = PBXFileReference; explicitFileType = wrapper.cfbundle; includeInIndex = 0; path = "kanto-testTests.xctest"; sourceTree = BUILT_PRODUCTS_DIR; };
		FD7BA58C26016F7E007A509D /* kanto-testUITests.xctest */ = {isa = PBXFileReference; explicitFileType = wrapper.cfbundle; includeInIndex = 0; path = "kanto-testUITests.xctest"; sourceTree = BUILT_PRODUCTS_DIR; };
/* End PBXFileReference section */

/* Begin PBXFrameworksBuildPhase section */
		FD7BA56826016F7C007A509D /* Frameworks */ = {
			isa = PBXFrameworksBuildPhase;
			buildActionMask = 2147483647;
			files = (
				FD7BA5AE26017ED6007A509D /* RealmSwift in Frameworks */,
				FD7BA5AC26017ED6007A509D /* Realm in Frameworks */,
				FD7BA5A626017E60007A509D /* Bond in Frameworks */,
				4261E99A83954936AA903BE6 /* Pods_kanto_test.framework in Frameworks */,
			);
			runOnlyForDeploymentPostprocessing = 0;
		};
		FD7BA57E26016F7E007A509D /* Frameworks */ = {
			isa = PBXFrameworksBuildPhase;
			buildActionMask = 2147483647;
			files = (
				D9207FA1EC114B748BCB86E2 /* Pods_kanto_testTests.framework in Frameworks */,
			);
			runOnlyForDeploymentPostprocessing = 0;
		};
		FD7BA58926016F7E007A509D /* Frameworks */ = {
			isa = PBXFrameworksBuildPhase;
			buildActionMask = 2147483647;
			files = (
				D68B8BFDEDF306A41A576AF0 /* Pods_kanto_test_kanto_testUITests.framework in Frameworks */,
			);
			runOnlyForDeploymentPostprocessing = 0;
		};
/* End PBXFrameworksBuildPhase section */

/* Begin PBXGroup section */
		4006CF356C1A1BF1DFB80A84 /* Frameworks */ = {
			isa = PBXGroup;
			children = (
				04D70704A06FFFE34646A67F /* Pods_kanto_test.framework */,
				110ED9FCECAF8DE97C2E21D1 /* Pods_kanto_test_kanto_testUITests.framework */,
				836FCE47363D2A47431684B8 /* Pods_kanto_testTests.framework */,
			);
			name = Frameworks;
			sourceTree = "<group>";
		};
		E0509AD8B5D190F1A60737A3 /* Pods */ = {
			isa = PBXGroup;
			children = (
				2736AFC7C2B74D039863841C /* Pods-kanto-test.debug.xcconfig */,
				BB4F6D25DB4B2B0CB42FD380 /* Pods-kanto-test.release.xcconfig */,
				0698704B4FD3897428D41AD7 /* Pods-kanto-test-kanto-testUITests.debug.xcconfig */,
				681D3AA51DA9B1A829B09DFE /* Pods-kanto-test-kanto-testUITests.release.xcconfig */,
				B6009CC94E416D5CC12375A5 /* Pods-kanto-testTests.debug.xcconfig */,
				99B42CE3368733DEA358BA56 /* Pods-kanto-testTests.release.xcconfig */,
			);
			path = Pods;
			sourceTree = "<group>";
		};
		FD7BA56226016F7C007A509D = {
			isa = PBXGroup;
			children = (
				FD7BA56D26016F7C007A509D /* kanto-test */,
				FD7BA56C26016F7C007A509D /* Products */,
				E0509AD8B5D190F1A60737A3 /* Pods */,
				4006CF356C1A1BF1DFB80A84 /* Frameworks */,
			);
			sourceTree = "<group>";
		};
		FD7BA56C26016F7C007A509D /* Products */ = {
			isa = PBXGroup;
			children = (
				FD7BA56B26016F7C007A509D /* kanto-test.app */,
				FD7BA58126016F7E007A509D /* kanto-testTests.xctest */,
				FD7BA58C26016F7E007A509D /* kanto-testUITests.xctest */,
			);
			name = Products;
			sourceTree = "<group>";
		};
		FD7BA56D26016F7C007A509D /* kanto-test */ = {
			isa = PBXGroup;
			children = (
				FD7BA56E26016F7C007A509D /* AppDelegate.swift */,
				FD7BA57026016F7C007A509D /* SceneDelegate.swift */,
				FD7BA57226016F7C007A509D /* ViewController.swift */,
				FD7BA57426016F7C007A509D /* Main.storyboard */,
				FD7BA57726016F7E007A509D /* Assets.xcassets */,
				FD7BA57926016F7E007A509D /* LaunchScreen.storyboard */,
				FD7BA57C26016F7E007A509D /* Info.plist */,
			);
			path = "kanto-test";
			sourceTree = "<group>";
		};
/* End PBXGroup section */

/* Begin PBXNativeTarget section */
		FD7BA56A26016F7C007A509D /* kanto-test */ = {
			isa = PBXNativeTarget;
			buildConfigurationList = FD7BA59526016F7E007A509D /* Build configuration list for PBXNativeTarget "kanto-test" */;
			buildPhases = (
				F123A60A89ACB7B51500E70C /* [CP] Check Pods Manifest.lock */,
				FD7BA56726016F7C007A509D /* Sources */,
				FD7BA56826016F7C007A509D /* Frameworks */,
				FD7BA56926016F7C007A509D /* Resources */,
				FDEFF7BF2601A83C00047C0C /* Swiftlint */,
				FFE81494316533816576B528 /* [CP] Embed Pods Frameworks */,
			);
			buildRules = (
			);
			dependencies = (
			);
			name = "kanto-test";
			packageProductDependencies = (
				FD7BA5A526017E60007A509D /* Bond */,
				FD7BA5AB26017ED6007A509D /* Realm */,
				FD7BA5AD26017ED6007A509D /* RealmSwift */,
			);
			productName = "kanto-test";
			productReference = FD7BA56B26016F7C007A509D /* kanto-test.app */;
			productType = "com.apple.product-type.application";
		};
		FD7BA58026016F7E007A509D /* kanto-testTests */ = {
			isa = PBXNativeTarget;
			buildConfigurationList = FD7BA59826016F7E007A509D /* Build configuration list for PBXNativeTarget "kanto-testTests" */;
			buildPhases = (
				F53EFBBD20C24E64FD92FCB5 /* [CP] Check Pods Manifest.lock */,
				FD7BA57D26016F7E007A509D /* Sources */,
				FD7BA57E26016F7E007A509D /* Frameworks */,
				FD7BA57F26016F7E007A509D /* Resources */,
			);
			buildRules = (
			);
			dependencies = (
				FD7BA58326016F7E007A509D /* PBXTargetDependency */,
			);
			name = "kanto-testTests";
			productName = "kanto-testTests";
			productReference = FD7BA58126016F7E007A509D /* kanto-testTests.xctest */;
			productType = "com.apple.product-type.bundle.unit-test";
		};
		FD7BA58B26016F7E007A509D /* kanto-testUITests */ = {
			isa = PBXNativeTarget;
			buildConfigurationList = FD7BA59B26016F7E007A509D /* Build configuration list for PBXNativeTarget "kanto-testUITests" */;
			buildPhases = (
				84EC13CA9D07E23AEEFC6AFB /* [CP] Check Pods Manifest.lock */,
				FD7BA58826016F7E007A509D /* Sources */,
				FD7BA58926016F7E007A509D /* Frameworks */,
				FD7BA58A26016F7E007A509D /* Resources */,
				5ADB01FB2BE6766E7264D22F /* [CP] Embed Pods Frameworks */,
			);
			buildRules = (
			);
			dependencies = (
				FD7BA58E26016F7E007A509D /* PBXTargetDependency */,
			);
			name = "kanto-testUITests";
			productName = "kanto-testUITests";
			productReference = FD7BA58C26016F7E007A509D /* kanto-testUITests.xctest */;
			productType = "com.apple.product-type.bundle.ui-testing";
		};
/* End PBXNativeTarget section */

/* Begin PBXProject section */
		FD7BA56326016F7C007A509D /* Project object */ = {
			isa = PBXProject;
			attributes = {
				LastSwiftUpdateCheck = 1240;
				LastUpgradeCheck = 1240;
				TargetAttributes = {
					FD7BA56A26016F7C007A509D = {
						CreatedOnToolsVersion = 12.4;
					};
					FD7BA58026016F7E007A509D = {
						CreatedOnToolsVersion = 12.4;
						TestTargetID = FD7BA56A26016F7C007A509D;
					};
					FD7BA58B26016F7E007A509D = {
						CreatedOnToolsVersion = 12.4;
						TestTargetID = FD7BA56A26016F7C007A509D;
					};
				};
			};
			buildConfigurationList = FD7BA56626016F7C007A509D /* Build configuration list for PBXProject "kanto-test" */;
			compatibilityVersion = "Xcode 9.3";
			developmentRegion = en;
			hasScannedForEncodings = 0;
			knownRegions = (
				en,
				Base,
			);
			mainGroup = FD7BA56226016F7C007A509D;
			packageReferences = (
				FD7BA5A426017E60007A509D /* XCRemoteSwiftPackageReference "Bond" */,
				FD7BA5AA26017ED6007A509D /* XCRemoteSwiftPackageReference "realm-cocoa" */,
			);
			productRefGroup = FD7BA56C26016F7C007A509D /* Products */;
			projectDirPath = "";
			projectRoot = "";
			targets = (
				FD7BA56A26016F7C007A509D /* kanto-test */,
				FD7BA58026016F7E007A509D /* kanto-testTests */,
				FD7BA58B26016F7E007A509D /* kanto-testUITests */,
			);
		};
/* End PBXProject section */

/* Begin PBXResourcesBuildPhase section */
		FD7BA56926016F7C007A509D /* Resources */ = {
			isa = PBXResourcesBuildPhase;
			buildActionMask = 2147483647;
			files = (
				FD7BA57B26016F7E007A509D /* LaunchScreen.storyboard in Resources */,
				FD7BA57826016F7E007A509D /* Assets.xcassets in Resources */,
				FD7BA57626016F7C007A509D /* Main.storyboard in Resources */,
			);
			runOnlyForDeploymentPostprocessing = 0;
		};
		FD7BA57F26016F7E007A509D /* Resources */ = {
			isa = PBXResourcesBuildPhase;
			buildActionMask = 2147483647;
			files = (
			);
			runOnlyForDeploymentPostprocessing = 0;
		};
		FD7BA58A26016F7E007A509D /* Resources */ = {
			isa = PBXResourcesBuildPhase;
			buildActionMask = 2147483647;
			files = (
			);
			runOnlyForDeploymentPostprocessing = 0;
		};
/* End PBXResourcesBuildPhase section */

/* Begin PBXShellScriptBuildPhase section */
		5ADB01FB2BE6766E7264D22F /* [CP] Embed Pods Frameworks */ = {
			isa = PBXShellScriptBuildPhase;
			buildActionMask = 2147483647;
			files = (
			);
			inputFileListPaths = (
				"${PODS_ROOT}/Target Support Files/Pods-kanto-test-kanto-testUITests/Pods-kanto-test-kanto-testUITests-frameworks-${CONFIGURATION}-input-files.xcfilelist",
			);
			name = "[CP] Embed Pods Frameworks";
			outputFileListPaths = (
				"${PODS_ROOT}/Target Support Files/Pods-kanto-test-kanto-testUITests/Pods-kanto-test-kanto-testUITests-frameworks-${CONFIGURATION}-output-files.xcfilelist",
			);
			runOnlyForDeploymentPostprocessing = 0;
			shellPath = /bin/sh;
			shellScript = "\"${PODS_ROOT}/Target Support Files/Pods-kanto-test-kanto-testUITests/Pods-kanto-test-kanto-testUITests-frameworks.sh\"\n";
			showEnvVarsInLog = 0;
		};
		84EC13CA9D07E23AEEFC6AFB /* [CP] Check Pods Manifest.lock */ = {
			isa = PBXShellScriptBuildPhase;
			buildActionMask = 2147483647;
			files = (
			);
			inputFileListPaths = (
			);
			inputPaths = (
				"${PODS_PODFILE_DIR_PATH}/Podfile.lock",
				"${PODS_ROOT}/Manifest.lock",
			);
			name = "[CP] Check Pods Manifest.lock";
			outputFileListPaths = (
			);
			outputPaths = (
				"$(DERIVED_FILE_DIR)/Pods-kanto-test-kanto-testUITests-checkManifestLockResult.txt",
			);
			runOnlyForDeploymentPostprocessing = 0;
			shellPath = /bin/sh;
			shellScript = "diff \"${PODS_PODFILE_DIR_PATH}/Podfile.lock\" \"${PODS_ROOT}/Manifest.lock\" > /dev/null\nif [ $? != 0 ] ; then\n    # print error to STDERR\n    echo \"error: The sandbox is not in sync with the Podfile.lock. Run 'pod install' or update your CocoaPods installation.\" >&2\n    exit 1\nfi\n# This output is used by Xcode 'outputs' to avoid re-running this script phase.\necho \"SUCCESS\" > \"${SCRIPT_OUTPUT_FILE_0}\"\n";
			showEnvVarsInLog = 0;
		};
		F123A60A89ACB7B51500E70C /* [CP] Check Pods Manifest.lock */ = {
			isa = PBXShellScriptBuildPhase;
			buildActionMask = 2147483647;
			files = (
			);
			inputFileListPaths = (
			);
			inputPaths = (
				"${PODS_PODFILE_DIR_PATH}/Podfile.lock",
				"${PODS_ROOT}/Manifest.lock",
			);
			name = "[CP] Check Pods Manifest.lock";
			outputFileListPaths = (
			);
			outputPaths = (
				"$(DERIVED_FILE_DIR)/Pods-kanto-test-checkManifestLockResult.txt",
			);
			runOnlyForDeploymentPostprocessing = 0;
			shellPath = /bin/sh;
			shellScript = "diff \"${PODS_PODFILE_DIR_PATH}/Podfile.lock\" \"${PODS_ROOT}/Manifest.lock\" > /dev/null\nif [ $? != 0 ] ; then\n    # print error to STDERR\n    echo \"error: The sandbox is not in sync with the Podfile.lock. Run 'pod install' or update your CocoaPods installation.\" >&2\n    exit 1\nfi\n# This output is used by Xcode 'outputs' to avoid re-running this script phase.\necho \"SUCCESS\" > \"${SCRIPT_OUTPUT_FILE_0}\"\n";
			showEnvVarsInLog = 0;
		};
		F53EFBBD20C24E64FD92FCB5 /* [CP] Check Pods Manifest.lock */ = {
			isa = PBXShellScriptBuildPhase;
			buildActionMask = 2147483647;
			files = (
			);
			inputFileListPaths = (
			);
			inputPaths = (
				"${PODS_PODFILE_DIR_PATH}/Podfile.lock",
				"${PODS_ROOT}/Manifest.lock",
			);
			name = "[CP] Check Pods Manifest.lock";
			outputFileListPaths = (
			);
			outputPaths = (
				"$(DERIVED_FILE_DIR)/Pods-kanto-testTests-checkManifestLockResult.txt",
			);
			runOnlyForDeploymentPostprocessing = 0;
			shellPath = /bin/sh;
			shellScript = "diff \"${PODS_PODFILE_DIR_PATH}/Podfile.lock\" \"${PODS_ROOT}/Manifest.lock\" > /dev/null\nif [ $? != 0 ] ; then\n    # print error to STDERR\n    echo \"error: The sandbox is not in sync with the Podfile.lock. Run 'pod install' or update your CocoaPods installation.\" >&2\n    exit 1\nfi\n# This output is used by Xcode 'outputs' to avoid re-running this script phase.\necho \"SUCCESS\" > \"${SCRIPT_OUTPUT_FILE_0}\"\n";
			showEnvVarsInLog = 0;
		};
		FDEFF7BF2601A83C00047C0C /* Swiftlint */ = {
			isa = PBXShellScriptBuildPhase;
			buildActionMask = 2147483647;
			files = (
			);
			inputFileListPaths = (
			);
			inputPaths = (
			);
			name = Swiftlint;
			outputFileListPaths = (
			);
			outputPaths = (
			);
			runOnlyForDeploymentPostprocessing = 0;
			shellPath = /bin/sh;
			shellScript = "if which swiftlint >/dev/null; then\n    swiftlint\nelse\n    echo \"error: SwiftLint not installed.\"\nfi\n";
		};
		FFE81494316533816576B528 /* [CP] Embed Pods Frameworks */ = {
			isa = PBXShellScriptBuildPhase;
			buildActionMask = 2147483647;
			files = (
			);
			inputFileListPaths = (
				"${PODS_ROOT}/Target Support Files/Pods-kanto-test/Pods-kanto-test-frameworks-${CONFIGURATION}-input-files.xcfilelist",
			);
			name = "[CP] Embed Pods Frameworks";
			outputFileListPaths = (
				"${PODS_ROOT}/Target Support Files/Pods-kanto-test/Pods-kanto-test-frameworks-${CONFIGURATION}-output-files.xcfilelist",
			);
			runOnlyForDeploymentPostprocessing = 0;
			shellPath = /bin/sh;
			shellScript = "\"${PODS_ROOT}/Target Support Files/Pods-kanto-test/Pods-kanto-test-frameworks.sh\"\n";
			showEnvVarsInLog = 0;
		};
/* End PBXShellScriptBuildPhase section */

/* Begin PBXSourcesBuildPhase section */
		FD7BA56726016F7C007A509D /* Sources */ = {
			isa = PBXSourcesBuildPhase;
			buildActionMask = 2147483647;
			files = (
				FD7BA57326016F7C007A509D /* ViewController.swift in Sources */,
				FD7BA56F26016F7C007A509D /* AppDelegate.swift in Sources */,
				FD7BA57126016F7C007A509D /* SceneDelegate.swift in Sources */,
			);
			runOnlyForDeploymentPostprocessing = 0;
		};
		FD7BA57D26016F7E007A509D /* Sources */ = {
			isa = PBXSourcesBuildPhase;
			buildActionMask = 2147483647;
			files = (
			);
			runOnlyForDeploymentPostprocessing = 0;
		};
		FD7BA58826016F7E007A509D /* Sources */ = {
			isa = PBXSourcesBuildPhase;
			buildActionMask = 2147483647;
			files = (
			);
			runOnlyForDeploymentPostprocessing = 0;
		};
/* End PBXSourcesBuildPhase section */

/* Begin PBXTargetDependency section */
		FD7BA58326016F7E007A509D /* PBXTargetDependency */ = {
			isa = PBXTargetDependency;
			target = FD7BA56A26016F7C007A509D /* kanto-test */;
			targetProxy = FD7BA58226016F7E007A509D /* PBXContainerItemProxy */;
		};
		FD7BA58E26016F7E007A509D /* PBXTargetDependency */ = {
			isa = PBXTargetDependency;
			target = FD7BA56A26016F7C007A509D /* kanto-test */;
			targetProxy = FD7BA58D26016F7E007A509D /* PBXContainerItemProxy */;
		};
/* End PBXTargetDependency section */

/* Begin PBXVariantGroup section */
		FD7BA57426016F7C007A509D /* Main.storyboard */ = {
			isa = PBXVariantGroup;
			children = (
				FD7BA57526016F7C007A509D /* Base */,
			);
			name = Main.storyboard;
			sourceTree = "<group>";
		};
		FD7BA57926016F7E007A509D /* LaunchScreen.storyboard */ = {
			isa = PBXVariantGroup;
			children = (
				FD7BA57A26016F7E007A509D /* Base */,
			);
			name = LaunchScreen.storyboard;
			sourceTree = "<group>";
		};
/* End PBXVariantGroup section */

/* Begin XCBuildConfiguration section */
		FD7BA59326016F7E007A509D /* Debug */ = {
			isa = XCBuildConfiguration;
			buildSettings = {
				ALWAYS_SEARCH_USER_PATHS = NO;
				CLANG_ANALYZER_NONNULL = YES;
				CLANG_ANALYZER_NUMBER_OBJECT_CONVERSION = YES_AGGRESSIVE;
				CLANG_CXX_LANGUAGE_STANDARD = "gnu++14";
				CLANG_CXX_LIBRARY = "libc++";
				CLANG_ENABLE_MODULES = YES;
				CLANG_ENABLE_OBJC_ARC = YES;
				CLANG_ENABLE_OBJC_WEAK = YES;
				CLANG_WARN_BLOCK_CAPTURE_AUTORELEASING = YES;
				CLANG_WARN_BOOL_CONVERSION = YES;
				CLANG_WARN_COMMA = YES;
				CLANG_WARN_CONSTANT_CONVERSION = YES;
				CLANG_WARN_DEPRECATED_OBJC_IMPLEMENTATIONS = YES;
				CLANG_WARN_DIRECT_OBJC_ISA_USAGE = YES_ERROR;
				CLANG_WARN_DOCUMENTATION_COMMENTS = YES;
				CLANG_WARN_EMPTY_BODY = YES;
				CLANG_WARN_ENUM_CONVERSION = YES;
				CLANG_WARN_INFINITE_RECURSION = YES;
				CLANG_WARN_INT_CONVERSION = YES;
				CLANG_WARN_NON_LITERAL_NULL_CONVERSION = YES;
				CLANG_WARN_OBJC_IMPLICIT_RETAIN_SELF = YES;
				CLANG_WARN_OBJC_LITERAL_CONVERSION = YES;
				CLANG_WARN_OBJC_ROOT_CLASS = YES_ERROR;
				CLANG_WARN_QUOTED_INCLUDE_IN_FRAMEWORK_HEADER = YES;
				CLANG_WARN_RANGE_LOOP_ANALYSIS = YES;
				CLANG_WARN_STRICT_PROTOTYPES = YES;
				CLANG_WARN_SUSPICIOUS_MOVE = YES;
				CLANG_WARN_UNGUARDED_AVAILABILITY = YES_AGGRESSIVE;
				CLANG_WARN_UNREACHABLE_CODE = YES;
				CLANG_WARN__DUPLICATE_METHOD_MATCH = YES;
				COPY_PHASE_STRIP = NO;
				DEBUG_INFORMATION_FORMAT = dwarf;
				ENABLE_STRICT_OBJC_MSGSEND = YES;
				ENABLE_TESTABILITY = YES;
				GCC_C_LANGUAGE_STANDARD = gnu11;
				GCC_DYNAMIC_NO_PIC = NO;
				GCC_NO_COMMON_BLOCKS = YES;
				GCC_OPTIMIZATION_LEVEL = 0;
				GCC_PREPROCESSOR_DEFINITIONS = (
					"DEBUG=1",
					"$(inherited)",
				);
				GCC_WARN_64_TO_32_BIT_CONVERSION = YES;
				GCC_WARN_ABOUT_RETURN_TYPE = YES_ERROR;
				GCC_WARN_UNDECLARED_SELECTOR = YES;
				GCC_WARN_UNINITIALIZED_AUTOS = YES_AGGRESSIVE;
				GCC_WARN_UNUSED_FUNCTION = YES;
				GCC_WARN_UNUSED_VARIABLE = YES;
				IPHONEOS_DEPLOYMENT_TARGET = 14.4;
				MTL_ENABLE_DEBUG_INFO = INCLUDE_SOURCE;
				MTL_FAST_MATH = YES;
				ONLY_ACTIVE_ARCH = YES;
				SDKROOT = iphoneos;
				SWIFT_ACTIVE_COMPILATION_CONDITIONS = DEBUG;
				SWIFT_OPTIMIZATION_LEVEL = "-Onone";
			};
			name = Debug;
		};
		FD7BA59426016F7E007A509D /* Release */ = {
			isa = XCBuildConfiguration;
			buildSettings = {
				ALWAYS_SEARCH_USER_PATHS = NO;
				CLANG_ANALYZER_NONNULL = YES;
				CLANG_ANALYZER_NUMBER_OBJECT_CONVERSION = YES_AGGRESSIVE;
				CLANG_CXX_LANGUAGE_STANDARD = "gnu++14";
				CLANG_CXX_LIBRARY = "libc++";
				CLANG_ENABLE_MODULES = YES;
				CLANG_ENABLE_OBJC_ARC = YES;
				CLANG_ENABLE_OBJC_WEAK = YES;
				CLANG_WARN_BLOCK_CAPTURE_AUTORELEASING = YES;
				CLANG_WARN_BOOL_CONVERSION = YES;
				CLANG_WARN_COMMA = YES;
				CLANG_WARN_CONSTANT_CONVERSION = YES;
				CLANG_WARN_DEPRECATED_OBJC_IMPLEMENTATIONS = YES;
				CLANG_WARN_DIRECT_OBJC_ISA_USAGE = YES_ERROR;
				CLANG_WARN_DOCUMENTATION_COMMENTS = YES;
				CLANG_WARN_EMPTY_BODY = YES;
				CLANG_WARN_ENUM_CONVERSION = YES;
				CLANG_WARN_INFINITE_RECURSION = YES;
				CLANG_WARN_INT_CONVERSION = YES;
				CLANG_WARN_NON_LITERAL_NULL_CONVERSION = YES;
				CLANG_WARN_OBJC_IMPLICIT_RETAIN_SELF = YES;
				CLANG_WARN_OBJC_LITERAL_CONVERSION = YES;
				CLANG_WARN_OBJC_ROOT_CLASS = YES_ERROR;
				CLANG_WARN_QUOTED_INCLUDE_IN_FRAMEWORK_HEADER = YES;
				CLANG_WARN_RANGE_LOOP_ANALYSIS = YES;
				CLANG_WARN_STRICT_PROTOTYPES = YES;
				CLANG_WARN_SUSPICIOUS_MOVE = YES;
				CLANG_WARN_UNGUARDED_AVAILABILITY = YES_AGGRESSIVE;
				CLANG_WARN_UNREACHABLE_CODE = YES;
				CLANG_WARN__DUPLICATE_METHOD_MATCH = YES;
				COPY_PHASE_STRIP = NO;
				DEBUG_INFORMATION_FORMAT = "dwarf-with-dsym";
				ENABLE_NS_ASSERTIONS = NO;
				ENABLE_STRICT_OBJC_MSGSEND = YES;
				GCC_C_LANGUAGE_STANDARD = gnu11;
				GCC_NO_COMMON_BLOCKS = YES;
				GCC_WARN_64_TO_32_BIT_CONVERSION = YES;
				GCC_WARN_ABOUT_RETURN_TYPE = YES_ERROR;
				GCC_WARN_UNDECLARED_SELECTOR = YES;
				GCC_WARN_UNINITIALIZED_AUTOS = YES_AGGRESSIVE;
				GCC_WARN_UNUSED_FUNCTION = YES;
				GCC_WARN_UNUSED_VARIABLE = YES;
				IPHONEOS_DEPLOYMENT_TARGET = 14.4;
				MTL_ENABLE_DEBUG_INFO = NO;
				MTL_FAST_MATH = YES;
				SDKROOT = iphoneos;
				SWIFT_COMPILATION_MODE = wholemodule;
				SWIFT_OPTIMIZATION_LEVEL = "-O";
				VALIDATE_PRODUCT = YES;
			};
			name = Release;
		};
		FD7BA59626016F7E007A509D /* Debug */ = {
			isa = XCBuildConfiguration;
			baseConfigurationReference = 2736AFC7C2B74D039863841C /* Pods-kanto-test.debug.xcconfig */;
			buildSettings = {
				ASSETCATALOG_COMPILER_APPICON_NAME = AppIcon;
				ASSETCATALOG_COMPILER_GLOBAL_ACCENT_COLOR_NAME = AccentColor;
				CODE_SIGN_STYLE = Automatic;
				INFOPLIST_FILE = "kanto-test/Info.plist";
				LD_RUNPATH_SEARCH_PATHS = (
					"$(inherited)",
					"@executable_path/Frameworks",
				);
				PRODUCT_BUNDLE_IDENTIFIER = "cucobein.kanto-test";
				PRODUCT_NAME = "$(TARGET_NAME)";
				SWIFT_VERSION = 5.0;
				TARGETED_DEVICE_FAMILY = "1,2";
			};
			name = Debug;
		};
		FD7BA59726016F7E007A509D /* Release */ = {
			isa = XCBuildConfiguration;
			baseConfigurationReference = BB4F6D25DB4B2B0CB42FD380 /* Pods-kanto-test.release.xcconfig */;
			buildSettings = {
				ASSETCATALOG_COMPILER_APPICON_NAME = AppIcon;
				ASSETCATALOG_COMPILER_GLOBAL_ACCENT_COLOR_NAME = AccentColor;
				CODE_SIGN_STYLE = Automatic;
				INFOPLIST_FILE = "kanto-test/Info.plist";
				LD_RUNPATH_SEARCH_PATHS = (
					"$(inherited)",
					"@executable_path/Frameworks",
				);
				PRODUCT_BUNDLE_IDENTIFIER = "cucobein.kanto-test";
				PRODUCT_NAME = "$(TARGET_NAME)";
				SWIFT_VERSION = 5.0;
				TARGETED_DEVICE_FAMILY = "1,2";
			};
			name = Release;
		};
		FD7BA59926016F7E007A509D /* Debug */ = {
			isa = XCBuildConfiguration;
			baseConfigurationReference = B6009CC94E416D5CC12375A5 /* Pods-kanto-testTests.debug.xcconfig */;
			buildSettings = {
				ALWAYS_EMBED_SWIFT_STANDARD_LIBRARIES = YES;
				BUNDLE_LOADER = "$(TEST_HOST)";
				CODE_SIGN_STYLE = Automatic;
				INFOPLIST_FILE = "kanto-testTests/Info.plist";
				IPHONEOS_DEPLOYMENT_TARGET = 14.4;
				LD_RUNPATH_SEARCH_PATHS = (
					"$(inherited)",
					"@executable_path/Frameworks",
					"@loader_path/Frameworks",
				);
				PRODUCT_BUNDLE_IDENTIFIER = "cucobein.kanto-testTests";
				PRODUCT_NAME = "$(TARGET_NAME)";
				SWIFT_VERSION = 5.0;
				TARGETED_DEVICE_FAMILY = "1,2";
				TEST_HOST = "$(BUILT_PRODUCTS_DIR)/kanto-test.app/kanto-test";
			};
			name = Debug;
		};
		FD7BA59A26016F7E007A509D /* Release */ = {
			isa = XCBuildConfiguration;
			baseConfigurationReference = 99B42CE3368733DEA358BA56 /* Pods-kanto-testTests.release.xcconfig */;
			buildSettings = {
				ALWAYS_EMBED_SWIFT_STANDARD_LIBRARIES = YES;
				BUNDLE_LOADER = "$(TEST_HOST)";
				CODE_SIGN_STYLE = Automatic;
				INFOPLIST_FILE = "kanto-testTests/Info.plist";
				IPHONEOS_DEPLOYMENT_TARGET = 14.4;
				LD_RUNPATH_SEARCH_PATHS = (
					"$(inherited)",
					"@executable_path/Frameworks",
					"@loader_path/Frameworks",
				);
				PRODUCT_BUNDLE_IDENTIFIER = "cucobein.kanto-testTests";
				PRODUCT_NAME = "$(TARGET_NAME)";
				SWIFT_VERSION = 5.0;
				TARGETED_DEVICE_FAMILY = "1,2";
				TEST_HOST = "$(BUILT_PRODUCTS_DIR)/kanto-test.app/kanto-test";
			};
			name = Release;
		};
		FD7BA59C26016F7E007A509D /* Debug */ = {
			isa = XCBuildConfiguration;
			baseConfigurationReference = 0698704B4FD3897428D41AD7 /* Pods-kanto-test-kanto-testUITests.debug.xcconfig */;
			buildSettings = {
				ALWAYS_EMBED_SWIFT_STANDARD_LIBRARIES = YES;
				CODE_SIGN_STYLE = Automatic;
				INFOPLIST_FILE = "kanto-testUITests/Info.plist";
				LD_RUNPATH_SEARCH_PATHS = (
					"$(inherited)",
					"@executable_path/Frameworks",
					"@loader_path/Frameworks",
				);
				PRODUCT_BUNDLE_IDENTIFIER = "cucobein.kanto-testUITests";
				PRODUCT_NAME = "$(TARGET_NAME)";
				SWIFT_VERSION = 5.0;
				TARGETED_DEVICE_FAMILY = "1,2";
				TEST_TARGET_NAME = "kanto-test";
			};
			name = Debug;
		};
		FD7BA59D26016F7E007A509D /* Release */ = {
			isa = XCBuildConfiguration;
			baseConfigurationReference = 681D3AA51DA9B1A829B09DFE /* Pods-kanto-test-kanto-testUITests.release.xcconfig */;
			buildSettings = {
				ALWAYS_EMBED_SWIFT_STANDARD_LIBRARIES = YES;
				CODE_SIGN_STYLE = Automatic;
				INFOPLIST_FILE = "kanto-testUITests/Info.plist";
				LD_RUNPATH_SEARCH_PATHS = (
					"$(inherited)",
					"@executable_path/Frameworks",
					"@loader_path/Frameworks",
				);
				PRODUCT_BUNDLE_IDENTIFIER = "cucobein.kanto-testUITests";
				PRODUCT_NAME = "$(TARGET_NAME)";
				SWIFT_VERSION = 5.0;
				TARGETED_DEVICE_FAMILY = "1,2";
				TEST_TARGET_NAME = "kanto-test";
			};
			name = Release;
		};
/* End XCBuildConfiguration section */

/* Begin XCConfigurationList section */
		FD7BA56626016F7C007A509D /* Build configuration list for PBXProject "kanto-test" */ = {
			isa = XCConfigurationList;
			buildConfigurations = (
				FD7BA59326016F7E007A509D /* Debug */,
				FD7BA59426016F7E007A509D /* Release */,
			);
			defaultConfigurationIsVisible = 0;
			defaultConfigurationName = Release;
		};
		FD7BA59526016F7E007A509D /* Build configuration list for PBXNativeTarget "kanto-test" */ = {
			isa = XCConfigurationList;
			buildConfigurations = (
				FD7BA59626016F7E007A509D /* Debug */,
				FD7BA59726016F7E007A509D /* Release */,
			);
			defaultConfigurationIsVisible = 0;
			defaultConfigurationName = Release;
		};
		FD7BA59826016F7E007A509D /* Build configuration list for PBXNativeTarget "kanto-testTests" */ = {
			isa = XCConfigurationList;
			buildConfigurations = (
				FD7BA59926016F7E007A509D /* Debug */,
				FD7BA59A26016F7E007A509D /* Release */,
			);
			defaultConfigurationIsVisible = 0;
			defaultConfigurationName = Release;
		};
		FD7BA59B26016F7E007A509D /* Build configuration list for PBXNativeTarget "kanto-testUITests" */ = {
			isa = XCConfigurationList;
			buildConfigurations = (
				FD7BA59C26016F7E007A509D /* Debug */,
				FD7BA59D26016F7E007A509D /* Release */,
			);
			defaultConfigurationIsVisible = 0;
			defaultConfigurationName = Release;
		};
/* End XCConfigurationList section */

/* Begin XCRemoteSwiftPackageReference section */
		FD7BA5A426017E60007A509D /* XCRemoteSwiftPackageReference "Bond" */ = {
			isa = XCRemoteSwiftPackageReference;
			repositoryURL = "https://github.com/DeclarativeHub/Bond";
			requirement = {
				kind = upToNextMajorVersion;
				minimumVersion = 7.8.1;
			};
		};
		FD7BA5AA26017ED6007A509D /* XCRemoteSwiftPackageReference "realm-cocoa" */ = {
			isa = XCRemoteSwiftPackageReference;
			repositoryURL = "https://github.com/realm/realm-cocoa";
			requirement = {
				kind = upToNextMajorVersion;
				minimumVersion = 10.7.2;
			};
		};
/* End XCRemoteSwiftPackageReference section */

/* Begin XCSwiftPackageProductDependency section */
		FD7BA5A526017E60007A509D /* Bond */ = {
			isa = XCSwiftPackageProductDependency;
			package = FD7BA5A426017E60007A509D /* XCRemoteSwiftPackageReference "Bond" */;
			productName = Bond;
		};
		FD7BA5AB26017ED6007A509D /* Realm */ = {
			isa = XCSwiftPackageProductDependency;
			package = FD7BA5AA26017ED6007A509D /* XCRemoteSwiftPackageReference "realm-cocoa" */;
			productName = Realm;
		};
		FD7BA5AD26017ED6007A509D /* RealmSwift */ = {
			isa = XCSwiftPackageProductDependency;
			package = FD7BA5AA26017ED6007A509D /* XCRemoteSwiftPackageReference "realm-cocoa" */;
			productName = RealmSwift;
		};
/* End XCSwiftPackageProductDependency section */
	};
	rootObject = FD7BA56326016F7C007A509D /* Project object */;
}
