// !$*UTF8*$!
{
	archiveVersion = 1;
	classes = {
	};
	objectVersion = 50;
	objects = {

/* Begin PBXBuildFile section */
		FD7BA56F26016F7C007A509D /* AppDelegate.swift in Sources */ = {isa = PBXBuildFile; fileRef = FD7BA56E26016F7C007A509D /* AppDelegate.swift */; };
		FD7BA57126016F7C007A509D /* SceneDelegate.swift in Sources */ = {isa = PBXBuildFile; fileRef = FD7BA57026016F7C007A509D /* SceneDelegate.swift */; };
		FD7BA57326016F7C007A509D /* ViewController.swift in Sources */ = {isa = PBXBuildFile; fileRef = FD7BA57226016F7C007A509D /* ViewController.swift */; };
		FD7BA57626016F7C007A509D /* Main.storyboard in Resources */ = {isa = PBXBuildFile; fileRef = FD7BA57426016F7C007A509D /* Main.storyboard */; };
		FD7BA57826016F7E007A509D /* Assets.xcassets in Resources */ = {isa = PBXBuildFile; fileRef = FD7BA57726016F7E007A509D /* Assets.xcassets */; };
		FD7BA57B26016F7E007A509D /* LaunchScreen.storyboard in Resources */ = {isa = PBXBuildFile; fileRef = FD7BA57926016F7E007A509D /* LaunchScreen.storyboard */; };
		FD7BA58626016F7E007A509D /* kanto_testTests.swift in Sources */ = {isa = PBXBuildFile; fileRef = FD7BA58526016F7E007A509D /* kanto_testTests.swift */; };
		FD7BA59126016F7E007A509D /* kanto_testUITests.swift in Sources */ = {isa = PBXBuildFile; fileRef = FD7BA59026016F7E007A509D /* kanto_testUITests.swift */; };
/* End PBXBuildFile section */

/* Begin PBXContainerItemProxy section */
		FD7BA58226016F7E007A509D /* PBXContainerItemProxy */ = {
			isa = PBXContainerItemProxy;
			containerPortal = FD7BA56326016F7C007A509D /* Project object */;
			proxyType = 1;
			remoteGlobalIDString = FD7BA56A26016F7C007A509D;
			remoteInfo = "kanto-test";
		};
		FD7BA58D26016F7E007A509D /* PBXContainerItemProxy */ = {
			isa = PBXContainerItemProxy;
			containerPortal = FD7BA56326016F7C007A509D /* Project object */;
			proxyType = 1;
			remoteGlobalIDString = FD7BA56A26016F7C007A509D;
			remoteInfo = "kanto-test";
		};
/* End PBXContainerItemProxy section */

/* Begin PBXFileReference section */
		FD7BA56B26016F7C007A509D /* kanto-test.app */ = {isa = PBXFileReference; explicitFileType = wrapper.application; includeInIndex = 0; path = "kanto-test.app"; sourceTree = BUILT_PRODUCTS_DIR; };
		FD7BA56E26016F7C007A509D /* AppDelegate.swift */ = {isa = PBXFileReference; lastKnownFileType = sourcecode.swift; path = AppDelegate.swift; sourceTree = "<group>"; };
		FD7BA57026016F7C007A509D /* SceneDelegate.swift */ = {isa = PBXFileReference; lastKnownFileType = sourcecode.swift; path = SceneDelegate.swift; sourceTree = "<group>"; };
		FD7BA57226016F7C007A509D /* ViewController.swift */ = {isa = PBXFileReference; lastKnownFileType = sourcecode.swift; path = ViewController.swift; sourceTree = "<group>"; };
		FD7BA57526016F7C007A509D /* Base */ = {isa = PBXFileReference; lastKnownFileType = file.storyboard; name = Base; path = Base.lproj/Main.storyboard; sourceTree = "<group>"; };
		FD7BA57726016F7E007A509D /* Assets.xcassets */ = {isa = PBXFileReference; lastKnownFileType = folder.assetcatalog; path = Assets.xcassets; sourceTree = "<group>"; };
		FD7BA57A26016F7E007A509D /* Base */ = {isa = PBXFileReference; lastKnownFileType = file.storyboard; name = Base; path = Base.lproj/LaunchScreen.storyboard; sourceTree = "<group>"; };
		FD7BA57C26016F7E007A509D /* Info.plist */ = {isa = PBXFileReference; lastKnownFileType = text.plist.xml; path = Info.plist; sourceTree = "<group>"; };
		FD7BA58126016F7E007A509D /* kanto-testTests.xctest */ = {isa = PBXFileReference; explicitFileType = wrapper.cfbundle; includeInIndex = 0; path = "kanto-testTests.xctest"; sourceTree = BUILT_PRODUCTS_DIR; };
		FD7BA58526016F7E007A509D /* kanto_testTests.swift */ = {isa = PBXFileReference; lastKnownFileType = sourcecode.swift; path = kanto_testTests.swift; sourceTree = "<group>"; };
		FD7BA58726016F7E007A509D /* Info.plist */ = {isa = PBXFileReference; lastKnownFileType = text.plist.xml; path = Info.plist; sourceTree = "<group>"; };
		FD7BA58C26016F7E007A509D /* kanto-testUITests.xctest */ = {isa = PBXFileReference; explicitFileType = wrapper.cfbundle; includeInIndex = 0; path = "kanto-testUITests.xctest"; sourceTree = BUILT_PRODUCTS_DIR; };
		FD7BA59026016F7E007A509D /* kanto_testUITests.swift */ = {isa = PBXFileReference; lastKnownFileType = sourcecode.swift; path = kanto_testUITests.swift; sourceTree = "<group>"; };
		FD7BA59226016F7E007A509D /* Info.plist */ = {isa = PBXFileReference; lastKnownFileType = text.plist.xml; path = Info.plist; sourceTree = "<group>"; };
/* End PBXFileReference section */

/* Begin PBXFrameworksBuildPhase section */
		FD7BA56826016F7C007A509D /* Frameworks */ = {
			isa = PBXFrameworksBuildPhase;
			buildActionMask = 2147483647;
			files = (
			);
			runOnlyForDeploymentPostprocessing = 0;
		};
		FD7BA57E26016F7E007A509D /* Frameworks */ = {
			isa = PBXFrameworksBuildPhase;
			buildActionMask = 2147483647;
			files = (
			);
			runOnlyForDeploymentPostprocessing = 0;
		};
		FD7BA58926016F7E007A509D /* Frameworks */ = {
			isa = PBXFrameworksBuildPhase;
			buildActionMask = 2147483647;
			files = (
			);
			runOnlyForDeploymentPostprocessing = 0;
		};
/* End PBXFrameworksBuildPhase section */

/* Begin PBXGroup section */
		FD7BA56226016F7C007A509D = {
			isa = PBXGroup;
			children = (
				FD7BA56D26016F7C007A509D /* kanto-test */,
				FD7BA58426016F7E007A509D /* kanto-testTests */,
				FD7BA58F26016F7E007A509D /* kanto-testUITests */,
				FD7BA56C26016F7C007A509D /* Products */,
			);
			sourceTree = "<group>";
		};
		FD7BA56C26016F7C007A509D /* Products */ = {
			isa = PBXGroup;
			children = (
				FD7BA56B26016F7C007A509D /* kanto-test.app */,
				FD7BA58126016F7E007A509D /* kanto-testTests.xctest */,
				FD7BA58C26016F7E007A509D /* kanto-testUITests.xctest */,
			);
			name = Products;
			sourceTree = "<group>";
		};
		FD7BA56D26016F7C007A509D /* kanto-test */ = {
			isa = PBXGroup;
			children = (
				FD7BA56E26016F7C007A509D /* AppDelegate.swift */,
				FD7BA57026016F7C007A509D /* SceneDelegate.swift */,
				FD7BA57226016F7C007A509D /* ViewController.swift */,
				FD7BA57426016F7C007A509D /* Main.storyboard */,
				FD7BA57726016F7E007A509D /* Assets.xcassets */,
				FD7BA57926016F7E007A509D /* LaunchScreen.storyboard */,
				FD7BA57C26016F7E007A509D /* Info.plist */,
			);
			path = "kanto-test";
			sourceTree = "<group>";
		};
		FD7BA58426016F7E007A509D /* kanto-testTests */ = {
			isa = PBXGroup;
			children = (
				FD7BA58526016F7E007A509D /* kanto_testTests.swift */,
				FD7BA58726016F7E007A509D /* Info.plist */,
			);
			path = "kanto-testTests";
			sourceTree = "<group>";
		};
		FD7BA58F26016F7E007A509D /* kanto-testUITests */ = {
			isa = PBXGroup;
			children = (
				FD7BA59026016F7E007A509D /* kanto_testUITests.swift */,
				FD7BA59226016F7E007A509D /* Info.plist */,
			);
			path = "kanto-testUITests";
			sourceTree = "<group>";
		};
/* End PBXGroup section */

/* Begin PBXNativeTarget section */
		FD7BA56A26016F7C007A509D /* kanto-test */ = {
			isa = PBXNativeTarget;
			buildConfigurationList = FD7BA59526016F7E007A509D /* Build configuration list for PBXNativeTarget "kanto-test" */;
			buildPhases = (
				FD7BA56726016F7C007A509D /* Sources */,
				FD7BA56826016F7C007A509D /* Frameworks */,
				FD7BA56926016F7C007A509D /* Resources */,
			);
			buildRules = (
			);
			dependencies = (
			);
			name = "kanto-test";
			productName = "kanto-test";
			productReference = FD7BA56B26016F7C007A509D /* kanto-test.app */;
			productType = "com.apple.product-type.application";
		};
		FD7BA58026016F7E007A509D /* kanto-testTests */ = {
			isa = PBXNativeTarget;
			buildConfigurationList = FD7BA59826016F7E007A509D /* Build configuration list for PBXNativeTarget "kanto-testTests" */;
			buildPhases = (
				FD7BA57D26016F7E007A509D /* Sources */,
				FD7BA57E26016F7E007A509D /* Frameworks */,
				FD7BA57F26016F7E007A509D /* Resources */,
			);
			buildRules = (
			);
			dependencies = (
				FD7BA58326016F7E007A509D /* PBXTargetDependency */,
			);
			name = "kanto-testTests";
			productName = "kanto-testTests";
			productReference = FD7BA58126016F7E007A509D /* kanto-testTests.xctest */;
			productType = "com.apple.product-type.bundle.unit-test";
		};
		FD7BA58B26016F7E007A509D /* kanto-testUITests */ = {
			isa = PBXNativeTarget;
			buildConfigurationList = FD7BA59B26016F7E007A509D /* Build configuration list for PBXNativeTarget "kanto-testUITests" */;
			buildPhases = (
				FD7BA58826016F7E007A509D /* Sources */,
				FD7BA58926016F7E007A509D /* Frameworks */,
				FD7BA58A26016F7E007A509D /* Resources */,
			);
			buildRules = (
			);
			dependencies = (
				FD7BA58E26016F7E007A509D /* PBXTargetDependency */,
			);
			name = "kanto-testUITests";
			productName = "kanto-testUITests";
			productReference = FD7BA58C26016F7E007A509D /* kanto-testUITests.xctest */;
			productType = "com.apple.product-type.bundle.ui-testing";
		};
/* End PBXNativeTarget section */

/* Begin PBXProject section */
		FD7BA56326016F7C007A509D /* Project object */ = {
			isa = PBXProject;
			attributes = {
				LastSwiftUpdateCheck = 1240;
				LastUpgradeCheck = 1240;
				TargetAttributes = {
					FD7BA56A26016F7C007A509D = {
						CreatedOnToolsVersion = 12.4;
					};
					FD7BA58026016F7E007A509D = {
						CreatedOnToolsVersion = 12.4;
						TestTargetID = FD7BA56A26016F7C007A509D;
					};
					FD7BA58B26016F7E007A509D = {
						CreatedOnToolsVersion = 12.4;
						TestTargetID = FD7BA56A26016F7C007A509D;
					};
				};
			};
			buildConfigurationList = FD7BA56626016F7C007A509D /* Build configuration list for PBXProject "kanto-test" */;
			compatibilityVersion = "Xcode 9.3";
			developmentRegion = en;
			hasScannedForEncodings = 0;
			knownRegions = (
				en,
				Base,
			);
			mainGroup = FD7BA56226016F7C007A509D;
			productRefGroup = FD7BA56C26016F7C007A509D /* Products */;
			projectDirPath = "";
			projectRoot = "";
			targets = (
				FD7BA56A26016F7C007A509D /* kanto-test */,
				FD7BA58026016F7E007A509D /* kanto-testTests */,
				FD7BA58B26016F7E007A509D /* kanto-testUITests */,
			);
		};
/* End PBXProject section */

/* Begin PBXResourcesBuildPhase section */
		FD7BA56926016F7C007A509D /* Resources */ = {
			isa = PBXResourcesBuildPhase;
			buildActionMask = 2147483647;
			files = (
				FD7BA57B26016F7E007A509D /* LaunchScreen.storyboard in Resources */,
				FD7BA57826016F7E007A509D /* Assets.xcassets in Resources */,
				FD7BA57626016F7C007A509D /* Main.storyboard in Resources */,
			);
			runOnlyForDeploymentPostprocessing = 0;
		};
		FD7BA57F26016F7E007A509D /* Resources */ = {
			isa = PBXResourcesBuildPhase;
			buildActionMask = 2147483647;
			files = (
			);
			runOnlyForDeploymentPostprocessing = 0;
		};
		FD7BA58A26016F7E007A509D /* Resources */ = {
			isa = PBXResourcesBuildPhase;
			buildActionMask = 2147483647;
			files = (
			);
			runOnlyForDeploymentPostprocessing = 0;
		};
/* End PBXResourcesBuildPhase section */

/* Begin PBXSourcesBuildPhase section */
		FD7BA56726016F7C007A509D /* Sources */ = {
			isa = PBXSourcesBuildPhase;
			buildActionMask = 2147483647;
			files = (
				FD7BA57326016F7C007A509D /* ViewController.swift in Sources */,
				FD7BA56F26016F7C007A509D /* AppDelegate.swift in Sources */,
				FD7BA57126016F7C007A509D /* SceneDelegate.swift in Sources */,
			);
			runOnlyForDeploymentPostprocessing = 0;
		};
		FD7BA57D26016F7E007A509D /* Sources */ = {
			isa = PBXSourcesBuildPhase;
			buildActionMask = 2147483647;
			files = (
				FD7BA58626016F7E007A509D /* kanto_testTests.swift in Sources */,
			);
			runOnlyForDeploymentPostprocessing = 0;
		};
		FD7BA58826016F7E007A509D /* Sources */ = {
			isa = PBXSourcesBuildPhase;
			buildActionMask = 2147483647;
			files = (
				FD7BA59126016F7E007A509D /* kanto_testUITests.swift in Sources */,
			);
			runOnlyForDeploymentPostprocessing = 0;
		};
/* End PBXSourcesBuildPhase section */

/* Begin PBXTargetDependency section */
		FD7BA58326016F7E007A509D /* PBXTargetDependency */ = {
			isa = PBXTargetDependency;
			target = FD7BA56A26016F7C007A509D /* kanto-test */;
			targetProxy = FD7BA58226016F7E007A509D /* PBXContainerItemProxy */;
		};
		FD7BA58E26016F7E007A509D /* PBXTargetDependency */ = {
			isa = PBXTargetDependency;
			target = FD7BA56A26016F7C007A509D /* kanto-test */;
			targetProxy = FD7BA58D26016F7E007A509D /* PBXContainerItemProxy */;
		};
/* End PBXTargetDependency section */

/* Begin PBXVariantGroup section */
		FD7BA57426016F7C007A509D /* Main.storyboard */ = {
			isa = PBXVariantGroup;
			children = (
				FD7BA57526016F7C007A509D /* Base */,
			);
			name = Main.storyboard;
			sourceTree = "<group>";
		};
		FD7BA57926016F7E007A509D /* LaunchScreen.storyboard */ = {
			isa = PBXVariantGroup;
			children = (
				FD7BA57A26016F7E007A509D /* Base */,
			);
			name = LaunchScreen.storyboard;
			sourceTree = "<group>";
		};
/* End PBXVariantGroup section */

/* Begin XCBuildConfiguration section */
		FD7BA59326016F7E007A509D /* Debug */ = {
			isa = XCBuildConfiguration;
			buildSettings = {
				ALWAYS_SEARCH_USER_PATHS = NO;
				CLANG_ANALYZER_NONNULL = YES;
				CLANG_ANALYZER_NUMBER_OBJECT_CONVERSION = YES_AGGRESSIVE;
				CLANG_CXX_LANGUAGE_STANDARD = "gnu++14";
				CLANG_CXX_LIBRARY = "libc++";
				CLANG_ENABLE_MODULES = YES;
				CLANG_ENABLE_OBJC_ARC = YES;
				CLANG_ENABLE_OBJC_WEAK = YES;
				CLANG_WARN_BLOCK_CAPTURE_AUTORELEASING = YES;
				CLANG_WARN_BOOL_CONVERSION = YES;
				CLANG_WARN_COMMA = YES;
				CLANG_WARN_CONSTANT_CONVERSION = YES;
				CLANG_WARN_DEPRECATED_OBJC_IMPLEMENTATIONS = YES;
				CLANG_WARN_DIRECT_OBJC_ISA_USAGE = YES_ERROR;
				CLANG_WARN_DOCUMENTATION_COMMENTS = YES;
				CLANG_WARN_EMPTY_BODY = YES;
				CLANG_WARN_ENUM_CONVERSION = YES;
				CLANG_WARN_INFINITE_RECURSION = YES;
				CLANG_WARN_INT_CONVERSION = YES;
				CLANG_WARN_NON_LITERAL_NULL_CONVERSION = YES;
				CLANG_WARN_OBJC_IMPLICIT_RETAIN_SELF = YES;
				CLANG_WARN_OBJC_LITERAL_CONVERSION = YES;
				CLANG_WARN_OBJC_ROOT_CLASS = YES_ERROR;
				CLANG_WARN_QUOTED_INCLUDE_IN_FRAMEWORK_HEADER = YES;
				CLANG_WARN_RANGE_LOOP_ANALYSIS = YES;
				CLANG_WARN_STRICT_PROTOTYPES = YES;
				CLANG_WARN_SUSPICIOUS_MOVE = YES;
				CLANG_WARN_UNGUARDED_AVAILABILITY = YES_AGGRESSIVE;
				CLANG_WARN_UNREACHABLE_CODE = YES;
				CLANG_WARN__DUPLICATE_METHOD_MATCH = YES;
				COPY_PHASE_STRIP = NO;
				DEBUG_INFORMATION_FORMAT = dwarf;
				ENABLE_STRICT_OBJC_MSGSEND = YES;
				ENABLE_TESTABILITY = YES;
				GCC_C_LANGUAGE_STANDARD = gnu11;
				GCC_DYNAMIC_NO_PIC = NO;
				GCC_NO_COMMON_BLOCKS = YES;
				GCC_OPTIMIZATION_LEVEL = 0;
				GCC_PREPROCESSOR_DEFINITIONS = (
					"DEBUG=1",
					"$(inherited)",
				);
				GCC_WARN_64_TO_32_BIT_CONVERSION = YES;
				GCC_WARN_ABOUT_RETURN_TYPE = YES_ERROR;
				GCC_WARN_UNDECLARED_SELECTOR = YES;
				GCC_WARN_UNINITIALIZED_AUTOS = YES_AGGRESSIVE;
				GCC_WARN_UNUSED_FUNCTION = YES;
				GCC_WARN_UNUSED_VARIABLE = YES;
				IPHONEOS_DEPLOYMENT_TARGET = 14.4;
				MTL_ENABLE_DEBUG_INFO = INCLUDE_SOURCE;
				MTL_FAST_MATH = YES;
				ONLY_ACTIVE_ARCH = YES;
				SDKROOT = iphoneos;
				SWIFT_ACTIVE_COMPILATION_CONDITIONS = DEBUG;
				SWIFT_OPTIMIZATION_LEVEL = "-Onone";
			};
			name = Debug;
		};
		FD7BA59426016F7E007A509D /* Release */ = {
			isa = XCBuildConfiguration;
			buildSettings = {
				ALWAYS_SEARCH_USER_PATHS = NO;
				CLANG_ANALYZER_NONNULL = YES;
				CLANG_ANALYZER_NUMBER_OBJECT_CONVERSION = YES_AGGRESSIVE;
				CLANG_CXX_LANGUAGE_STANDARD = "gnu++14";
				CLANG_CXX_LIBRARY = "libc++";
				CLANG_ENABLE_MODULES = YES;
				CLANG_ENABLE_OBJC_ARC = YES;
				CLANG_ENABLE_OBJC_WEAK = YES;
				CLANG_WARN_BLOCK_CAPTURE_AUTORELEASING = YES;
				CLANG_WARN_BOOL_CONVERSION = YES;
				CLANG_WARN_COMMA = YES;
				CLANG_WARN_CONSTANT_CONVERSION = YES;
				CLANG_WARN_DEPRECATED_OBJC_IMPLEMENTATIONS = YES;
				CLANG_WARN_DIRECT_OBJC_ISA_USAGE = YES_ERROR;
				CLANG_WARN_DOCUMENTATION_COMMENTS = YES;
				CLANG_WARN_EMPTY_BODY = YES;
				CLANG_WARN_ENUM_CONVERSION = YES;
				CLANG_WARN_INFINITE_RECURSION = YES;
				CLANG_WARN_INT_CONVERSION = YES;
				CLANG_WARN_NON_LITERAL_NULL_CONVERSION = YES;
				CLANG_WARN_OBJC_IMPLICIT_RETAIN_SELF = YES;
				CLANG_WARN_OBJC_LITERAL_CONVERSION = YES;
				CLANG_WARN_OBJC_ROOT_CLASS = YES_ERROR;
				CLANG_WARN_QUOTED_INCLUDE_IN_FRAMEWORK_HEADER = YES;
				CLANG_WARN_RANGE_LOOP_ANALYSIS = YES;
				CLANG_WARN_STRICT_PROTOTYPES = YES;
				CLANG_WARN_SUSPICIOUS_MOVE = YES;
				CLANG_WARN_UNGUARDED_AVAILABILITY = YES_AGGRESSIVE;
				CLANG_WARN_UNREACHABLE_CODE = YES;
				CLANG_WARN__DUPLICATE_METHOD_MATCH = YES;
				COPY_PHASE_STRIP = NO;
				DEBUG_INFORMATION_FORMAT = "dwarf-with-dsym";
				ENABLE_NS_ASSERTIONS = NO;
				ENABLE_STRICT_OBJC_MSGSEND = YES;
				GCC_C_LANGUAGE_STANDARD = gnu11;
				GCC_NO_COMMON_BLOCKS = YES;
				GCC_WARN_64_TO_32_BIT_CONVERSION = YES;
				GCC_WARN_ABOUT_RETURN_TYPE = YES_ERROR;
				GCC_WARN_UNDECLARED_SELECTOR = YES;
				GCC_WARN_UNINITIALIZED_AUTOS = YES_AGGRESSIVE;
				GCC_WARN_UNUSED_FUNCTION = YES;
				GCC_WARN_UNUSED_VARIABLE = YES;
				IPHONEOS_DEPLOYMENT_TARGET = 14.4;
				MTL_ENABLE_DEBUG_INFO = NO;
				MTL_FAST_MATH = YES;
				SDKROOT = iphoneos;
				SWIFT_COMPILATION_MODE = wholemodule;
				SWIFT_OPTIMIZATION_LEVEL = "-O";
				VALIDATE_PRODUCT = YES;
			};
			name = Release;
		};
		FD7BA59626016F7E007A509D /* Debug */ = {
			isa = XCBuildConfiguration;
			buildSettings = {
				ASSETCATALOG_COMPILER_APPICON_NAME = AppIcon;
				ASSETCATALOG_COMPILER_GLOBAL_ACCENT_COLOR_NAME = AccentColor;
				CODE_SIGN_STYLE = Automatic;
				INFOPLIST_FILE = "kanto-test/Info.plist";
				LD_RUNPATH_SEARCH_PATHS = (
					"$(inherited)",
					"@executable_path/Frameworks",
				);
				PRODUCT_BUNDLE_IDENTIFIER = "cucobein.kanto-test";
				PRODUCT_NAME = "$(TARGET_NAME)";
				SWIFT_VERSION = 5.0;
				TARGETED_DEVICE_FAMILY = "1,2";
			};
			name = Debug;
		};
		FD7BA59726016F7E007A509D /* Release */ = {
			isa = XCBuildConfiguration;
			buildSettings = {
				ASSETCATALOG_COMPILER_APPICON_NAME = AppIcon;
				ASSETCATALOG_COMPILER_GLOBAL_ACCENT_COLOR_NAME = AccentColor;
				CODE_SIGN_STYLE = Automatic;
				INFOPLIST_FILE = "kanto-test/Info.plist";
				LD_RUNPATH_SEARCH_PATHS = (
					"$(inherited)",
					"@executable_path/Frameworks",
				);
				PRODUCT_BUNDLE_IDENTIFIER = "cucobein.kanto-test";
				PRODUCT_NAME = "$(TARGET_NAME)";
				SWIFT_VERSION = 5.0;
				TARGETED_DEVICE_FAMILY = "1,2";
			};
			name = Release;
		};
		FD7BA59926016F7E007A509D /* Debug */ = {
			isa = XCBuildConfiguration;
			buildSettings = {
				ALWAYS_EMBED_SWIFT_STANDARD_LIBRARIES = YES;
				BUNDLE_LOADER = "$(TEST_HOST)";
				CODE_SIGN_STYLE = Automatic;
				INFOPLIST_FILE = "kanto-testTests/Info.plist";
				IPHONEOS_DEPLOYMENT_TARGET = 14.4;
				LD_RUNPATH_SEARCH_PATHS = (
					"$(inherited)",
					"@executable_path/Frameworks",
					"@loader_path/Frameworks",
				);
				PRODUCT_BUNDLE_IDENTIFIER = "cucobein.kanto-testTests";
				PRODUCT_NAME = "$(TARGET_NAME)";
				SWIFT_VERSION = 5.0;
				TARGETED_DEVICE_FAMILY = "1,2";
				TEST_HOST = "$(BUILT_PRODUCTS_DIR)/kanto-test.app/kanto-test";
			};
			name = Debug;
		};
		FD7BA59A26016F7E007A509D /* Release */ = {
			isa = XCBuildConfiguration;
			buildSettings = {
				ALWAYS_EMBED_SWIFT_STANDARD_LIBRARIES = YES;
				BUNDLE_LOADER = "$(TEST_HOST)";
				CODE_SIGN_STYLE = Automatic;
				INFOPLIST_FILE = "kanto-testTests/Info.plist";
				IPHONEOS_DEPLOYMENT_TARGET = 14.4;
				LD_RUNPATH_SEARCH_PATHS = (
					"$(inherited)",
					"@executable_path/Frameworks",
					"@loader_path/Frameworks",
				);
				PRODUCT_BUNDLE_IDENTIFIER = "cucobein.kanto-testTests";
				PRODUCT_NAME = "$(TARGET_NAME)";
				SWIFT_VERSION = 5.0;
				TARGETED_DEVICE_FAMILY = "1,2";
				TEST_HOST = "$(BUILT_PRODUCTS_DIR)/kanto-test.app/kanto-test";
			};
			name = Release;
		};
		FD7BA59C26016F7E007A509D /* Debug */ = {
			isa = XCBuildConfiguration;
			buildSettings = {
				ALWAYS_EMBED_SWIFT_STANDARD_LIBRARIES = YES;
				CODE_SIGN_STYLE = Automatic;
				INFOPLIST_FILE = "kanto-testUITests/Info.plist";
				LD_RUNPATH_SEARCH_PATHS = (
					"$(inherited)",
					"@executable_path/Frameworks",
					"@loader_path/Frameworks",
				);
				PRODUCT_BUNDLE_IDENTIFIER = "cucobein.kanto-testUITests";
				PRODUCT_NAME = "$(TARGET_NAME)";
				SWIFT_VERSION = 5.0;
				TARGETED_DEVICE_FAMILY = "1,2";
				TEST_TARGET_NAME = "kanto-test";
			};
			name = Debug;
		};
		FD7BA59D26016F7E007A509D /* Release */ = {
			isa = XCBuildConfiguration;
			buildSettings = {
				ALWAYS_EMBED_SWIFT_STANDARD_LIBRARIES = YES;
				CODE_SIGN_STYLE = Automatic;
				INFOPLIST_FILE = "kanto-testUITests/Info.plist";
				LD_RUNPATH_SEARCH_PATHS = (
					"$(inherited)",
					"@executable_path/Frameworks",
					"@loader_path/Frameworks",
				);
				PRODUCT_BUNDLE_IDENTIFIER = "cucobein.kanto-testUITests";
				PRODUCT_NAME = "$(TARGET_NAME)";
				SWIFT_VERSION = 5.0;
				TARGETED_DEVICE_FAMILY = "1,2";
				TEST_TARGET_NAME = "kanto-test";
			};
			name = Release;
		};
/* End XCBuildConfiguration section */

/* Begin XCConfigurationList section */
		FD7BA56626016F7C007A509D /* Build configuration list for PBXProject "kanto-test" */ = {
			isa = XCConfigurationList;
			buildConfigurations = (
				FD7BA59326016F7E007A509D /* Debug */,
				FD7BA59426016F7E007A509D /* Release */,
			);
			defaultConfigurationIsVisible = 0;
			defaultConfigurationName = Release;
		};
		FD7BA59526016F7E007A509D /* Build configuration list for PBXNativeTarget "kanto-test" */ = {
			isa = XCConfigurationList;
			buildConfigurations = (
				FD7BA59626016F7E007A509D /* Debug */,
				FD7BA59726016F7E007A509D /* Release */,
			);
			defaultConfigurationIsVisible = 0;
			defaultConfigurationName = Release;
		};
		FD7BA59826016F7E007A509D /* Build configuration list for PBXNativeTarget "kanto-testTests" */ = {
			isa = XCConfigurationList;
			buildConfigurations = (
				FD7BA59926016F7E007A509D /* Debug */,
				FD7BA59A26016F7E007A509D /* Release */,
			);
			defaultConfigurationIsVisible = 0;
			defaultConfigurationName = Release;
		};
		FD7BA59B26016F7E007A509D /* Build configuration list for PBXNativeTarget "kanto-testUITests" */ = {
			isa = XCConfigurationList;
			buildConfigurations = (
				FD7BA59C26016F7E007A509D /* Debug */,
				FD7BA59D26016F7E007A509D /* Release */,
			);
			defaultConfigurationIsVisible = 0;
			defaultConfigurationName = Release;
		};
/* End XCConfigurationList section */
	};
	rootObject = FD7BA56326016F7C007A509D /* Project object */;
}
