// !$*UTF8*$!
{
	archiveVersion = 1;
	classes = {
	};
	objectVersion = 52;
	objects = {

/* Begin PBXBuildFile section */
		FD3B464C2602EFEC00471D07 /* KantoProfileBuilder.swift in Sources */ = {isa = PBXBuildFile; fileRef = FD3B464B2602EFEC00471D07 /* KantoProfileBuilder.swift */; };
		FD3B46572602F01E00471D07 /* Builder.swift in Sources */ = {isa = PBXBuildFile; fileRef = FD3B46562602F01E00471D07 /* Builder.swift */; };
		FD3B465C2602F04100471D07 /* ViewController.swift in Sources */ = {isa = PBXBuildFile; fileRef = FD3B465B2602F04100471D07 /* ViewController.swift */; };
		FD3B46612602F06800471D07 /* ViewModel.swift in Sources */ = {isa = PBXBuildFile; fileRef = FD3B46602602F06800471D07 /* ViewModel.swift */; };
		FD3B46662602F08100471D07 /* ViewModelDataSource.swift in Sources */ = {isa = PBXBuildFile; fileRef = FD3B46652602F08100471D07 /* ViewModelDataSource.swift */; };
		FD3B466B2602F0A200471D07 /* Router.swift in Sources */ = {isa = PBXBuildFile; fileRef = FD3B466A2602F0A200471D07 /* Router.swift */; };
		FD3B46702602F17600471D07 /* KantoProfileRouter.swift in Sources */ = {isa = PBXBuildFile; fileRef = FD3B466F2602F17600471D07 /* KantoProfileRouter.swift */; };
		FD3B46782602F1F900471D07 /* KantoProfileViewController.storyboard in Resources */ = {isa = PBXBuildFile; fileRef = FD3B46772602F1F900471D07 /* KantoProfileViewController.storyboard */; };
		FD3B467D2602F25B00471D07 /* KantoEditProfileViewController.storyboard in Resources */ = {isa = PBXBuildFile; fileRef = FD3B467C2602F25B00471D07 /* KantoEditProfileViewController.storyboard */; };
		FD3B46822602F2DB00471D07 /* KantoProfileViewModel.swift in Sources */ = {isa = PBXBuildFile; fileRef = FD3B46812602F2DB00471D07 /* KantoProfileViewModel.swift */; };
		FD3B468A2602F3A800471D07 /* KantoEditProfileBuilder.swift in Sources */ = {isa = PBXBuildFile; fileRef = FD3B46892602F3A800471D07 /* KantoEditProfileBuilder.swift */; };
		FD3B46952602F43500471D07 /* KantoEditProfileRouter.swift in Sources */ = {isa = PBXBuildFile; fileRef = FD3B46942602F43500471D07 /* KantoEditProfileRouter.swift */; };
		FD3B469D2602F4C800471D07 /* KantoEditProfileViewModel.swift in Sources */ = {isa = PBXBuildFile; fileRef = FD3B469C2602F4C800471D07 /* KantoEditProfileViewModel.swift */; };
		FD3B46A826031F0B00471D07 /* KantoProfileUserDataView.xib in Resources */ = {isa = PBXBuildFile; fileRef = FD3B46A726031F0B00471D07 /* KantoProfileUserDataView.xib */; };
		FD3B46AE26031F3300471D07 /* KantoProfileUserDataView.swift in Sources */ = {isa = PBXBuildFile; fileRef = FD3B46AD26031F3300471D07 /* KantoProfileUserDataView.swift */; };
		FD3B46B32603201300471D07 /* XibView.swift in Sources */ = {isa = PBXBuildFile; fileRef = FD3B46B22603201300471D07 /* XibView.swift */; };
		FD3B46B82603282500471D07 /* RounderCornersView.swift in Sources */ = {isa = PBXBuildFile; fileRef = FD3B46B72603282500471D07 /* RounderCornersView.swift */; };
		FD3B46C12603891A00471D07 /* KantoVideoCell.swift in Sources */ = {isa = PBXBuildFile; fileRef = FD3B46C02603891A00471D07 /* KantoVideoCell.swift */; };
		FD3B46C62603892700471D07 /* KantoVideoCell.xib in Resources */ = {isa = PBXBuildFile; fileRef = FD3B46C52603892700471D07 /* KantoVideoCell.xib */; };
		FD4D27CF2607B5E700A3F0F0 /* InputRow.xib in Resources */ = {isa = PBXBuildFile; fileRef = FD4D27CE2607B5E700A3F0F0 /* InputRow.xib */; };
		FD4D27DD2607BFF300A3F0F0 /* UITextField+Helpers.swift in Sources */ = {isa = PBXBuildFile; fileRef = FD4D27DC2607BFF300A3F0F0 /* UITextField+Helpers.swift */; };
		FD4D28052607F79D00A3F0F0 /* README.md in Resources */ = {isa = PBXBuildFile; fileRef = FD4D28042607F79D00A3F0F0 /* README.md */; };
		FD7BA56F26016F7C007A509D /* AppDelegate.swift in Sources */ = {isa = PBXBuildFile; fileRef = FD7BA56E26016F7C007A509D /* AppDelegate.swift */; };
		FD7BA57326016F7C007A509D /* KantoProfileViewController.swift in Sources */ = {isa = PBXBuildFile; fileRef = FD7BA57226016F7C007A509D /* KantoProfileViewController.swift */; };
		FD7BA57826016F7E007A509D /* Assets.xcassets in Resources */ = {isa = PBXBuildFile; fileRef = FD7BA57726016F7E007A509D /* Assets.xcassets */; };
		FD7BA5A626017E60007A509D /* Bond in Frameworks */ = {isa = PBXBuildFile; productRef = FD7BA5A526017E60007A509D /* Bond */; };
		FD7BA5AC26017ED6007A509D /* Realm in Frameworks */ = {isa = PBXBuildFile; productRef = FD7BA5AB26017ED6007A509D /* Realm */; };
		FD7BA5AE26017ED6007A509D /* RealmSwift in Frameworks */ = {isa = PBXBuildFile; productRef = FD7BA5AD26017ED6007A509D /* RealmSwift */; };
		FD9AD9872603C132004AE342 /* UserDataResource.swift in Sources */ = {isa = PBXBuildFile; fileRef = FD9AD9862603C132004AE342 /* UserDataResource.swift */; };
		FD9AD98C2603C16C004AE342 /* Endpoint.swift in Sources */ = {isa = PBXBuildFile; fileRef = FD9AD98B2603C16C004AE342 /* Endpoint.swift */; };
		FD9AD9912603C21B004AE342 /* HTTPMethod.swift in Sources */ = {isa = PBXBuildFile; fileRef = FD9AD9902603C21B004AE342 /* HTTPMethod.swift */; };
		FD9AD9962603C27F004AE342 /* URLRequest+Helpers.swift in Sources */ = {isa = PBXBuildFile; fileRef = FD9AD9952603C27F004AE342 /* URLRequest+Helpers.swift */; };
		FD9AD99B2603C507004AE342 /* ApiService+UserData.swift in Sources */ = {isa = PBXBuildFile; fileRef = FD9AD99A2603C507004AE342 /* ApiService+UserData.swift */; };
		FD9AD9AB2603F3CE004AE342 /* VideosResource.swift in Sources */ = {isa = PBXBuildFile; fileRef = FD9AD9AA2603F3CE004AE342 /* VideosResource.swift */; };
		FD9AD9B72606D72D004AE342 /* UIImageView+Rounded.swift in Sources */ = {isa = PBXBuildFile; fileRef = FD9AD9B62606D72D004AE342 /* UIImageView+Rounded.swift */; };
		FD9AD9BF2606F285004AE342 /* UIButton+Rounded.swift in Sources */ = {isa = PBXBuildFile; fileRef = FD9AD9BE2606F285004AE342 /* UIButton+Rounded.swift */; };
		FD9AD9C72606F518004AE342 /* UserVideo.swift in Sources */ = {isa = PBXBuildFile; fileRef = FD9AD9C62606F518004AE342 /* UserVideo.swift */; };
		FD9ADA122607B373004AE342 /* InputRow.swift in Sources */ = {isa = PBXBuildFile; fileRef = FD9ADA112607B373004AE342 /* InputRow.swift */; };
		FD9ADA172607B3D2004AE342 /* InputRowViewModel.swift in Sources */ = {isa = PBXBuildFile; fileRef = FD9ADA162607B3D2004AE342 /* InputRowViewModel.swift */; };
		FDEFF7E12602333C00047C0C /* KantoEditProfileViewController.swift in Sources */ = {isa = PBXBuildFile; fileRef = FDEFF7E02602333C00047C0C /* KantoEditProfileViewController.swift */; };
		FDEFF7E6260233F500047C0C /* AppCoordinator.swift in Sources */ = {isa = PBXBuildFile; fileRef = FDEFF7E5260233F500047C0C /* AppCoordinator.swift */; };
		FDEFF7EB2602350200047C0C /* ApiService.swift in Sources */ = {isa = PBXBuildFile; fileRef = FDEFF7EA2602350200047C0C /* ApiService.swift */; };
		FDEFF7F1260235E000047C0C /* PersistenceController.swift in Sources */ = {isa = PBXBuildFile; fileRef = FDEFF7F0260235E000047C0C /* PersistenceController.swift */; };
		FDEFF7F62602360B00047C0C /* KeyValueStorage.swift in Sources */ = {isa = PBXBuildFile; fileRef = FDEFF7F52602360B00047C0C /* KeyValueStorage.swift */; };
		FDEFF7FB260237B600047C0C /* UserProfile.swift in Sources */ = {isa = PBXBuildFile; fileRef = FDEFF7FA260237B600047C0C /* UserProfile.swift */; };
		FDEFF80926023A7000047C0C /* KeychainHelper.swift in Sources */ = {isa = PBXBuildFile; fileRef = FDEFF80826023A7000047C0C /* KeychainHelper.swift */; };
		FDEFF80F26023ADE00047C0C /* Context.swift in Sources */ = {isa = PBXBuildFile; fileRef = FDEFF80E26023ADE00047C0C /* Context.swift */; };
		FDEFF81926023BA500047C0C /* ApiService+CDN.swift in Sources */ = {isa = PBXBuildFile; fileRef = FDEFF81826023BA500047C0C /* ApiService+CDN.swift */; };
		FDEFF82726023BFF00047C0C /* ApiResource.swift in Sources */ = {isa = PBXBuildFile; fileRef = FDEFF82626023BFF00047C0C /* ApiResource.swift */; };
		FDEFF82D26023C3700047C0C /* NetworkRequest.swift in Sources */ = {isa = PBXBuildFile; fileRef = FDEFF82C26023C3700047C0C /* NetworkRequest.swift */; };
		FDEFF83326023CB000047C0C /* Error+Code.swift in Sources */ = {isa = PBXBuildFile; fileRef = FDEFF83226023CB000047C0C /* Error+Code.swift */; };
		FDEFF83B26023CE600047C0C /* Request.swift in Sources */ = {isa = PBXBuildFile; fileRef = FDEFF83A26023CE600047C0C /* Request.swift */; };
		FDEFF84826023E7A00047C0C /* UserProfileProvider.swift in Sources */ = {isa = PBXBuildFile; fileRef = FDEFF84726023E7A00047C0C /* UserProfileProvider.swift */; };
		FDEFF84D2602403900047C0C /* ApiRequest.swift in Sources */ = {isa = PBXBuildFile; fileRef = FDEFF84C2602403900047C0C /* ApiRequest.swift */; };
		FDEFF8522602415100047C0C /* String+NonDigits.swift in Sources */ = {isa = PBXBuildFile; fileRef = FDEFF8512602415100047C0C /* String+NonDigits.swift */; };
		FDEFF857260241A900047C0C /* Data+Helpers.swift in Sources */ = {isa = PBXBuildFile; fileRef = FDEFF856260241A900047C0C /* Data+Helpers.swift */; };
		FDEFF8732602814F00047C0C /* KantoLaunchScreenViewController.swift in Sources */ = {isa = PBXBuildFile; fileRef = FDEFF8722602814F00047C0C /* KantoLaunchScreenViewController.swift */; };
		FDEFF879260281B400047C0C /* Lottie in Frameworks */ = {isa = PBXBuildFile; productRef = FDEFF878260281B400047C0C /* Lottie */; };
		FDEFF886260282AA00047C0C /* StoryboardInstantiable.swift in Sources */ = {isa = PBXBuildFile; fileRef = FDEFF885260282AA00047C0C /* StoryboardInstantiable.swift */; };
		FDEFF88C260282DB00047C0C /* Storyboard.swift in Sources */ = {isa = PBXBuildFile; fileRef = FDEFF88B260282DB00047C0C /* Storyboard.swift */; };
		FDEFF8942602B4BE00047C0C /* UIView+Autolayout.swift in Sources */ = {isa = PBXBuildFile; fileRef = FDEFF8932602B4BE00047C0C /* UIView+Autolayout.swift */; };
		FDEFF8992602BC8400047C0C /* AnimationView.swift in Sources */ = {isa = PBXBuildFile; fileRef = FDEFF8982602BC8400047C0C /* AnimationView.swift */; };
		FDEFF8AB2602C24500047C0C /* KantoLaunchScreenViewController.storyboard in Resources */ = {isa = PBXBuildFile; fileRef = FDEFF8AA2602C24500047C0C /* KantoLaunchScreenViewController.storyboard */; };
		FDEFF8D02602CE2200047C0C /* Animosa-ExtraLight.ttf in Resources */ = {isa = PBXBuildFile; fileRef = FDEFF8CB2602CE2200047C0C /* Animosa-ExtraLight.ttf */; };
		FDEFF8D12602CE2200047C0C /* Animosa-Regular.ttf in Resources */ = {isa = PBXBuildFile; fileRef = FDEFF8CC2602CE2200047C0C /* Animosa-Regular.ttf */; };
		FDEFF8D22602CE2200047C0C /* Animosa-Bold.ttf in Resources */ = {isa = PBXBuildFile; fileRef = FDEFF8CD2602CE2200047C0C /* Animosa-Bold.ttf */; };
		FDEFF8D32602CE2200047C0C /* Animosa-ExtraBold.ttf in Resources */ = {isa = PBXBuildFile; fileRef = FDEFF8CE2602CE2200047C0C /* Animosa-ExtraBold.ttf */; };
		FDEFF8D42602CE2200047C0C /* Animosa-Light.ttf in Resources */ = {isa = PBXBuildFile; fileRef = FDEFF8CF2602CE2200047C0C /* Animosa-Light.ttf */; };
		FDEFF8DF2602D33900047C0C /* LaunchScreen.storyboard in Resources */ = {isa = PBXBuildFile; fileRef = FDEFF8DE2602D33900047C0C /* LaunchScreen.storyboard */; };
		FDEFF8EC2602DDBA00047C0C /* launch.json in Resources */ = {isa = PBXBuildFile; fileRef = FDEFF8EB2602DDBA00047C0C /* launch.json */; };
		FDEFF9202602E88000047C0C /* KantoNavigationController.swift in Sources */ = {isa = PBXBuildFile; fileRef = FDEFF91F2602E87F00047C0C /* KantoNavigationController.swift */; };
		FDEFF9252602E8B100047C0C /* UIFont+Helpers.swift in Sources */ = {isa = PBXBuildFile; fileRef = FDEFF9242602E8B100047C0C /* UIFont+Helpers.swift */; };
/* End PBXBuildFile section */

/* Begin PBXContainerItemProxy section */
		FD7BA58226016F7E007A509D /* PBXContainerItemProxy */ = {
			isa = PBXContainerItemProxy;
			containerPortal = FD7BA56326016F7C007A509D /* Project object */;
			proxyType = 1;
			remoteGlobalIDString = FD7BA56A26016F7C007A509D;
			remoteInfo = "kanto-test";
		};
		FD7BA58D26016F7E007A509D /* PBXContainerItemProxy */ = {
			isa = PBXContainerItemProxy;
			containerPortal = FD7BA56326016F7C007A509D /* Project object */;
			proxyType = 1;
			remoteGlobalIDString = FD7BA56A26016F7C007A509D;
			remoteInfo = "kanto-test";
		};
/* End PBXContainerItemProxy section */

/* Begin PBXFileReference section */
		FD3B464B2602EFEC00471D07 /* KantoProfileBuilder.swift */ = {isa = PBXFileReference; lastKnownFileType = sourcecode.swift; path = KantoProfileBuilder.swift; sourceTree = "<group>"; };
		FD3B46562602F01E00471D07 /* Builder.swift */ = {isa = PBXFileReference; lastKnownFileType = sourcecode.swift; path = Builder.swift; sourceTree = "<group>"; };
		FD3B465B2602F04100471D07 /* ViewController.swift */ = {isa = PBXFileReference; lastKnownFileType = sourcecode.swift; path = ViewController.swift; sourceTree = "<group>"; };
		FD3B46602602F06800471D07 /* ViewModel.swift */ = {isa = PBXFileReference; lastKnownFileType = sourcecode.swift; path = ViewModel.swift; sourceTree = "<group>"; };
		FD3B46652602F08100471D07 /* ViewModelDataSource.swift */ = {isa = PBXFileReference; lastKnownFileType = sourcecode.swift; path = ViewModelDataSource.swift; sourceTree = "<group>"; };
		FD3B466A2602F0A200471D07 /* Router.swift */ = {isa = PBXFileReference; lastKnownFileType = sourcecode.swift; path = Router.swift; sourceTree = "<group>"; };
		FD3B466F2602F17600471D07 /* KantoProfileRouter.swift */ = {isa = PBXFileReference; lastKnownFileType = sourcecode.swift; path = KantoProfileRouter.swift; sourceTree = "<group>"; };
		FD3B46772602F1F900471D07 /* KantoProfileViewController.storyboard */ = {isa = PBXFileReference; lastKnownFileType = file.storyboard; path = KantoProfileViewController.storyboard; sourceTree = "<group>"; };
		FD3B467C2602F25B00471D07 /* KantoEditProfileViewController.storyboard */ = {isa = PBXFileReference; lastKnownFileType = file.storyboard; path = KantoEditProfileViewController.storyboard; sourceTree = "<group>"; };
		FD3B46812602F2DB00471D07 /* KantoProfileViewModel.swift */ = {isa = PBXFileReference; lastKnownFileType = sourcecode.swift; path = KantoProfileViewModel.swift; sourceTree = "<group>"; };
		FD3B46892602F3A800471D07 /* KantoEditProfileBuilder.swift */ = {isa = PBXFileReference; lastKnownFileType = sourcecode.swift; path = KantoEditProfileBuilder.swift; sourceTree = "<group>"; };
		FD3B46942602F43500471D07 /* KantoEditProfileRouter.swift */ = {isa = PBXFileReference; lastKnownFileType = sourcecode.swift; path = KantoEditProfileRouter.swift; sourceTree = "<group>"; };
		FD3B469C2602F4C800471D07 /* KantoEditProfileViewModel.swift */ = {isa = PBXFileReference; lastKnownFileType = sourcecode.swift; path = KantoEditProfileViewModel.swift; sourceTree = "<group>"; };
		FD3B46A726031F0B00471D07 /* KantoProfileUserDataView.xib */ = {isa = PBXFileReference; lastKnownFileType = file.xib; path = KantoProfileUserDataView.xib; sourceTree = "<group>"; };
		FD3B46AD26031F3300471D07 /* KantoProfileUserDataView.swift */ = {isa = PBXFileReference; lastKnownFileType = sourcecode.swift; path = KantoProfileUserDataView.swift; sourceTree = "<group>"; };
		FD3B46B22603201300471D07 /* XibView.swift */ = {isa = PBXFileReference; lastKnownFileType = sourcecode.swift; path = "\U0010XibView.swift"; sourceTree = "<group>"; };
		FD3B46B72603282500471D07 /* RounderCornersView.swift */ = {isa = PBXFileReference; lastKnownFileType = sourcecode.swift; path = RounderCornersView.swift; sourceTree = "<group>"; };
		FD3B46C02603891A00471D07 /* KantoVideoCell.swift */ = {isa = PBXFileReference; lastKnownFileType = sourcecode.swift; path = KantoVideoCell.swift; sourceTree = "<group>"; };
		FD3B46C52603892700471D07 /* KantoVideoCell.xib */ = {isa = PBXFileReference; lastKnownFileType = file.xib; path = KantoVideoCell.xib; sourceTree = "<group>"; };
		FD4D27CE2607B5E700A3F0F0 /* InputRow.xib */ = {isa = PBXFileReference; fileEncoding = 4; lastKnownFileType = file.xib; path = InputRow.xib; sourceTree = "<group>"; };
		FD4D27DC2607BFF300A3F0F0 /* UITextField+Helpers.swift */ = {isa = PBXFileReference; lastKnownFileType = sourcecode.swift; path = "UITextField+Helpers.swift"; sourceTree = "<group>"; };
		FD4D28042607F79D00A3F0F0 /* README.md */ = {isa = PBXFileReference; fileEncoding = 4; lastKnownFileType = net.daringfireball.markdown; path = README.md; sourceTree = "<group>"; };
		FD7BA56B26016F7C007A509D /* kanto-test.app */ = {isa = PBXFileReference; explicitFileType = wrapper.application; includeInIndex = 0; path = "kanto-test.app"; sourceTree = BUILT_PRODUCTS_DIR; };
		FD7BA56E26016F7C007A509D /* AppDelegate.swift */ = {isa = PBXFileReference; lastKnownFileType = sourcecode.swift; path = AppDelegate.swift; sourceTree = "<group>"; };
		FD7BA57226016F7C007A509D /* KantoProfileViewController.swift */ = {isa = PBXFileReference; lastKnownFileType = sourcecode.swift; path = KantoProfileViewController.swift; sourceTree = "<group>"; };
		FD7BA57726016F7E007A509D /* Assets.xcassets */ = {isa = PBXFileReference; lastKnownFileType = folder.assetcatalog; path = Assets.xcassets; sourceTree = "<group>"; };
		FD7BA57C26016F7E007A509D /* Info.plist */ = {isa = PBXFileReference; lastKnownFileType = text.plist.xml; path = Info.plist; sourceTree = "<group>"; };
		FD7BA58126016F7E007A509D /* kanto-testTests.xctest */ = {isa = PBXFileReference; explicitFileType = wrapper.cfbundle; includeInIndex = 0; path = "kanto-testTests.xctest"; sourceTree = BUILT_PRODUCTS_DIR; };
		FD7BA58C26016F7E007A509D /* kanto-testUITests.xctest */ = {isa = PBXFileReference; explicitFileType = wrapper.cfbundle; includeInIndex = 0; path = "kanto-testUITests.xctest"; sourceTree = BUILT_PRODUCTS_DIR; };
		FD9AD9862603C132004AE342 /* UserDataResource.swift */ = {isa = PBXFileReference; lastKnownFileType = sourcecode.swift; path = UserDataResource.swift; sourceTree = "<group>"; };
		FD9AD98B2603C16C004AE342 /* Endpoint.swift */ = {isa = PBXFileReference; lastKnownFileType = sourcecode.swift; path = Endpoint.swift; sourceTree = "<group>"; };
		FD9AD9902603C21B004AE342 /* HTTPMethod.swift */ = {isa = PBXFileReference; lastKnownFileType = sourcecode.swift; path = HTTPMethod.swift; sourceTree = "<group>"; };
		FD9AD9952603C27F004AE342 /* URLRequest+Helpers.swift */ = {isa = PBXFileReference; lastKnownFileType = sourcecode.swift; path = "URLRequest+Helpers.swift"; sourceTree = "<group>"; };
		FD9AD99A2603C507004AE342 /* ApiService+UserData.swift */ = {isa = PBXFileReference; lastKnownFileType = sourcecode.swift; path = "ApiService+UserData.swift"; sourceTree = "<group>"; };
		FD9AD9AA2603F3CE004AE342 /* VideosResource.swift */ = {isa = PBXFileReference; lastKnownFileType = sourcecode.swift; path = VideosResource.swift; sourceTree = "<group>"; };
		FD9AD9B62606D72D004AE342 /* UIImageView+Rounded.swift */ = {isa = PBXFileReference; lastKnownFileType = sourcecode.swift; path = "UIImageView+Rounded.swift"; sourceTree = "<group>"; };
		FD9AD9BE2606F285004AE342 /* UIButton+Rounded.swift */ = {isa = PBXFileReference; lastKnownFileType = sourcecode.swift; path = "UIButton+Rounded.swift"; sourceTree = "<group>"; };
		FD9AD9C62606F518004AE342 /* UserVideo.swift */ = {isa = PBXFileReference; lastKnownFileType = sourcecode.swift; path = UserVideo.swift; sourceTree = "<group>"; };
		FD9ADA112607B373004AE342 /* InputRow.swift */ = {isa = PBXFileReference; lastKnownFileType = sourcecode.swift; path = InputRow.swift; sourceTree = "<group>"; };
		FD9ADA162607B3D2004AE342 /* InputRowViewModel.swift */ = {isa = PBXFileReference; lastKnownFileType = sourcecode.swift; path = InputRowViewModel.swift; sourceTree = "<group>"; };
		FDEFF7E02602333C00047C0C /* KantoEditProfileViewController.swift */ = {isa = PBXFileReference; lastKnownFileType = sourcecode.swift; path = KantoEditProfileViewController.swift; sourceTree = "<group>"; };
		FDEFF7E5260233F500047C0C /* AppCoordinator.swift */ = {isa = PBXFileReference; lastKnownFileType = sourcecode.swift; path = AppCoordinator.swift; sourceTree = "<group>"; };
		FDEFF7EA2602350200047C0C /* ApiService.swift */ = {isa = PBXFileReference; lastKnownFileType = sourcecode.swift; path = ApiService.swift; sourceTree = "<group>"; };
		FDEFF7F0260235E000047C0C /* PersistenceController.swift */ = {isa = PBXFileReference; lastKnownFileType = sourcecode.swift; path = PersistenceController.swift; sourceTree = "<group>"; };
		FDEFF7F52602360B00047C0C /* KeyValueStorage.swift */ = {isa = PBXFileReference; lastKnownFileType = sourcecode.swift; path = KeyValueStorage.swift; sourceTree = "<group>"; };
		FDEFF7FA260237B600047C0C /* UserProfile.swift */ = {isa = PBXFileReference; lastKnownFileType = sourcecode.swift; path = UserProfile.swift; sourceTree = "<group>"; };
		FDEFF80826023A7000047C0C /* KeychainHelper.swift */ = {isa = PBXFileReference; lastKnownFileType = sourcecode.swift; path = KeychainHelper.swift; sourceTree = "<group>"; };
		FDEFF80E26023ADE00047C0C /* Context.swift */ = {isa = PBXFileReference; lastKnownFileType = sourcecode.swift; path = Context.swift; sourceTree = "<group>"; };
		FDEFF81826023BA500047C0C /* ApiService+CDN.swift */ = {isa = PBXFileReference; lastKnownFileType = sourcecode.swift; path = "ApiService+CDN.swift"; sourceTree = "<group>"; };
		FDEFF82626023BFF00047C0C /* ApiResource.swift */ = {isa = PBXFileReference; lastKnownFileType = sourcecode.swift; path = ApiResource.swift; sourceTree = "<group>"; };
		FDEFF82C26023C3700047C0C /* NetworkRequest.swift */ = {isa = PBXFileReference; lastKnownFileType = sourcecode.swift; path = NetworkRequest.swift; sourceTree = "<group>"; };
		FDEFF83226023CB000047C0C /* Error+Code.swift */ = {isa = PBXFileReference; lastKnownFileType = sourcecode.swift; path = "Error+Code.swift"; sourceTree = "<group>"; };
		FDEFF83A26023CE600047C0C /* Request.swift */ = {isa = PBXFileReference; lastKnownFileType = sourcecode.swift; path = Request.swift; sourceTree = "<group>"; };
		FDEFF84726023E7A00047C0C /* UserProfileProvider.swift */ = {isa = PBXFileReference; lastKnownFileType = sourcecode.swift; path = UserProfileProvider.swift; sourceTree = "<group>"; };
		FDEFF84C2602403900047C0C /* ApiRequest.swift */ = {isa = PBXFileReference; lastKnownFileType = sourcecode.swift; path = ApiRequest.swift; sourceTree = "<group>"; };
		FDEFF8512602415100047C0C /* String+NonDigits.swift */ = {isa = PBXFileReference; lastKnownFileType = sourcecode.swift; path = "String+NonDigits.swift"; sourceTree = "<group>"; };
		FDEFF856260241A900047C0C /* Data+Helpers.swift */ = {isa = PBXFileReference; lastKnownFileType = sourcecode.swift; path = "Data+Helpers.swift"; sourceTree = "<group>"; };
		FDEFF8722602814F00047C0C /* KantoLaunchScreenViewController.swift */ = {isa = PBXFileReference; lastKnownFileType = sourcecode.swift; path = KantoLaunchScreenViewController.swift; sourceTree = "<group>"; };
		FDEFF885260282AA00047C0C /* StoryboardInstantiable.swift */ = {isa = PBXFileReference; lastKnownFileType = sourcecode.swift; path = StoryboardInstantiable.swift; sourceTree = "<group>"; };
		FDEFF88B260282DB00047C0C /* Storyboard.swift */ = {isa = PBXFileReference; lastKnownFileType = sourcecode.swift; path = Storyboard.swift; sourceTree = "<group>"; };
		FDEFF8932602B4BE00047C0C /* UIView+Autolayout.swift */ = {isa = PBXFileReference; lastKnownFileType = sourcecode.swift; path = "UIView+Autolayout.swift"; sourceTree = "<group>"; };
		FDEFF8982602BC8400047C0C /* AnimationView.swift */ = {isa = PBXFileReference; lastKnownFileType = sourcecode.swift; path = "Animation\U0010View.swift"; sourceTree = "<group>"; };
		FDEFF8AA2602C24500047C0C /* KantoLaunchScreenViewController.storyboard */ = {isa = PBXFileReference; lastKnownFileType = file.storyboard; path = KantoLaunchScreenViewController.storyboard; sourceTree = "<group>"; };
		FDEFF8CB2602CE2200047C0C /* Animosa-ExtraLight.ttf */ = {isa = PBXFileReference; lastKnownFileType = file; path = "Animosa-ExtraLight.ttf"; sourceTree = "<group>"; };
		FDEFF8CC2602CE2200047C0C /* Animosa-Regular.ttf */ = {isa = PBXFileReference; lastKnownFileType = file; path = "Animosa-Regular.ttf"; sourceTree = "<group>"; };
		FDEFF8CD2602CE2200047C0C /* Animosa-Bold.ttf */ = {isa = PBXFileReference; lastKnownFileType = file; path = "Animosa-Bold.ttf"; sourceTree = "<group>"; };
		FDEFF8CE2602CE2200047C0C /* Animosa-ExtraBold.ttf */ = {isa = PBXFileReference; lastKnownFileType = file; path = "Animosa-ExtraBold.ttf"; sourceTree = "<group>"; };
		FDEFF8CF2602CE2200047C0C /* Animosa-Light.ttf */ = {isa = PBXFileReference; lastKnownFileType = file; path = "Animosa-Light.ttf"; sourceTree = "<group>"; };
		FDEFF8DE2602D33900047C0C /* LaunchScreen.storyboard */ = {isa = PBXFileReference; lastKnownFileType = file.storyboard; path = LaunchScreen.storyboard; sourceTree = "<group>"; };
		FDEFF8EB2602DDBA00047C0C /* launch.json */ = {isa = PBXFileReference; fileEncoding = 4; lastKnownFileType = text.json; path = launch.json; sourceTree = "<group>"; };
		FDEFF91F2602E87F00047C0C /* KantoNavigationController.swift */ = {isa = PBXFileReference; lastKnownFileType = sourcecode.swift; path = KantoNavigationController.swift; sourceTree = "<group>"; };
		FDEFF9242602E8B100047C0C /* UIFont+Helpers.swift */ = {isa = PBXFileReference; lastKnownFileType = sourcecode.swift; path = "UIFont+Helpers.swift"; sourceTree = "<group>"; };
/* End PBXFileReference section */

/* Begin PBXFrameworksBuildPhase section */
		FD7BA56826016F7C007A509D /* Frameworks */ = {
			isa = PBXFrameworksBuildPhase;
			buildActionMask = 2147483647;
			files = (
				FDEFF879260281B400047C0C /* Lottie in Frameworks */,
				FD7BA5AE26017ED6007A509D /* RealmSwift in Frameworks */,
				FD7BA5AC26017ED6007A509D /* Realm in Frameworks */,
				FD7BA5A626017E60007A509D /* Bond in Frameworks */,
			);
			runOnlyForDeploymentPostprocessing = 0;
		};
		FD7BA57E26016F7E007A509D /* Frameworks */ = {
			isa = PBXFrameworksBuildPhase;
			buildActionMask = 2147483647;
			files = (
			);
			runOnlyForDeploymentPostprocessing = 0;
		};
		FD7BA58926016F7E007A509D /* Frameworks */ = {
			isa = PBXFrameworksBuildPhase;
			buildActionMask = 2147483647;
			files = (
			);
			runOnlyForDeploymentPostprocessing = 0;
		};
/* End PBXFrameworksBuildPhase section */

/* Begin PBXGroup section */
		FD3B464A2602EFBC00471D07 /* MVVM */ = {
			isa = PBXGroup;
			children = (
				FD3B46562602F01E00471D07 /* Builder.swift */,
				FD3B465B2602F04100471D07 /* ViewController.swift */,
				FD3B46602602F06800471D07 /* ViewModel.swift */,
				FD3B46652602F08100471D07 /* ViewModelDataSource.swift */,
				FD3B466A2602F0A200471D07 /* Router.swift */,
			);
			path = MVVM;
			sourceTree = "<group>";
		};
		FD3B46AC26031F1C00471D07 /* UserData */ = {
			isa = PBXGroup;
			children = (
				FD3B46A726031F0B00471D07 /* KantoProfileUserDataView.xib */,
				FD3B46AD26031F3300471D07 /* KantoProfileUserDataView.swift */,
			);
			path = UserData;
			sourceTree = "<group>";
		};
		FD3B46BF260388FB00471D07 /* Cell */ = {
			isa = PBXGroup;
			children = (
				FD3B46C52603892700471D07 /* KantoVideoCell.xib */,
				FD3B46C02603891A00471D07 /* KantoVideoCell.swift */,
			);
			path = Cell;
			sourceTree = "<group>";
		};
		FD7BA56226016F7C007A509D = {
			isa = PBXGroup;
			children = (
				FD4D28042607F79D00A3F0F0 /* README.md */,
				FD7BA56D26016F7C007A509D /* kanto-test */,
				FD7BA56C26016F7C007A509D /* Products */,
			);
			sourceTree = "<group>";
		};
		FD7BA56C26016F7C007A509D /* Products */ = {
			isa = PBXGroup;
			children = (
				FD7BA56B26016F7C007A509D /* kanto-test.app */,
				FD7BA58126016F7E007A509D /* kanto-testTests.xctest */,
				FD7BA58C26016F7E007A509D /* kanto-testUITests.xctest */,
			);
			name = Products;
			sourceTree = "<group>";
		};
		FD7BA56D26016F7C007A509D /* kanto-test */ = {
			isa = PBXGroup;
			children = (
				FDEFF88A260282CF00047C0C /* Common */,
				FDEFF80D26023AD200047C0C /* Context */,
				FDEFF7EF2602359900047C0C /* Persistence */,
				FDEFF7D326022D3700047C0C /* API */,
				FDEFF7D426022D5400047C0C /* Application */,
				FD3B464A2602EFBC00471D07 /* MVVM */,
				FDEFF7D82602327B00047C0C /* Kanto */,
				FDEFF7FF2602391D00047C0C /* Utils */,
				FDEFF8AF2602C2E300047C0C /* Resources */,
			);
			path = "kanto-test";
			sourceTree = "<group>";
		};
		FD9ADA1B2607B558004AE342 /* Rows */ = {
			isa = PBXGroup;
			children = (
				FD4D27CE2607B5E700A3F0F0 /* InputRow.xib */,
				FD9ADA112607B373004AE342 /* InputRow.swift */,
				FD9ADA162607B3D2004AE342 /* InputRowViewModel.swift */,
			);
			path = Rows;
			sourceTree = "<group>";
		};
		FDEFF7D326022D3700047C0C /* API */ = {
			isa = PBXGroup;
			children = (
				FDEFF82B26023C2D00047C0C /* Base */,
				FDEFF81D26023BC300047C0C /* Resources */,
				FDEFF7EA2602350200047C0C /* ApiService.swift */,
				FDEFF81826023BA500047C0C /* ApiService+CDN.swift */,
				FD9AD99A2603C507004AE342 /* ApiService+UserData.swift */,
			);
			path = API;
			sourceTree = "<group>";
		};
		FDEFF7D426022D5400047C0C /* Application */ = {
			isa = PBXGroup;
			children = (
				FD7BA56E26016F7C007A509D /* AppDelegate.swift */,
				FDEFF7E5260233F500047C0C /* AppCoordinator.swift */,
			);
			path = Application;
			sourceTree = "<group>";
		};
		FDEFF7D82602327B00047C0C /* Kanto */ = {
			isa = PBXGroup;
			children = (
				FDEFF8A42602C14300047C0C /* Launch */,
				FDEFF8A52602C14800047C0C /* Profile */,
			);
			path = Kanto;
			sourceTree = "<group>";
		};
		FDEFF7EF2602359900047C0C /* Persistence */ = {
			isa = PBXGroup;
			children = (
				FDEFF8A02602BE8C00047C0C /* Model */,
				FDEFF7F0260235E000047C0C /* PersistenceController.swift */,
				FDEFF7F52602360B00047C0C /* KeyValueStorage.swift */,
			);
			path = Persistence;
			sourceTree = "<group>";
		};
		FDEFF7FF2602391D00047C0C /* Utils */ = {
			isa = PBXGroup;
			children = (
				FDEFF8842602829F00047C0C /* Protocols */,
				FDEFF83126023C9A00047C0C /* Extensions */,
				FDEFF8832602829300047C0C /* Helpers */,
			);
			path = Utils;
			sourceTree = "<group>";
		};
		FDEFF80D26023AD200047C0C /* Context */ = {
			isa = PBXGroup;
			children = (
				FDEFF80E26023ADE00047C0C /* Context.swift */,
			);
			path = Context;
			sourceTree = "<group>";
		};
		FDEFF81D26023BC300047C0C /* Resources */ = {
			isa = PBXGroup;
			children = (
				FDEFF82626023BFF00047C0C /* ApiResource.swift */,
				FD9AD9862603C132004AE342 /* UserDataResource.swift */,
				FD9AD9AA2603F3CE004AE342 /* VideosResource.swift */,
			);
			path = Resources;
			sourceTree = "<group>";
		};
		FDEFF82B26023C2D00047C0C /* Base */ = {
			isa = PBXGroup;
			children = (
				FDEFF83A26023CE600047C0C /* Request.swift */,
				FDEFF82C26023C3700047C0C /* NetworkRequest.swift */,
				FDEFF84C2602403900047C0C /* ApiRequest.swift */,
				FD9AD98B2603C16C004AE342 /* Endpoint.swift */,
				FD9AD9902603C21B004AE342 /* HTTPMethod.swift */,
			);
			path = Base;
			sourceTree = "<group>";
		};
		FDEFF83126023C9A00047C0C /* Extensions */ = {
			isa = PBXGroup;
			children = (
				FDEFF8982602BC8400047C0C /* AnimationView.swift */,
				FDEFF83226023CB000047C0C /* Error+Code.swift */,
				FDEFF8512602415100047C0C /* String+NonDigits.swift */,
				FDEFF856260241A900047C0C /* Data+Helpers.swift */,
				FDEFF8932602B4BE00047C0C /* UIView+Autolayout.swift */,
				FDEFF9242602E8B100047C0C /* UIFont+Helpers.swift */,
				FD9AD9952603C27F004AE342 /* URLRequest+Helpers.swift */,
				FD9AD9B62606D72D004AE342 /* UIImageView+Rounded.swift */,
				FD9AD9BE2606F285004AE342 /* UIButton+Rounded.swift */,
				FD4D27DC2607BFF300A3F0F0 /* UITextField+Helpers.swift */,
			);
			path = Extensions;
			sourceTree = "<group>";
		};
		FDEFF8832602829300047C0C /* Helpers */ = {
			isa = PBXGroup;
			children = (
				FDEFF80826023A7000047C0C /* KeychainHelper.swift */,
			);
			path = Helpers;
			sourceTree = "<group>";
		};
		FDEFF8842602829F00047C0C /* Protocols */ = {
			isa = PBXGroup;
			children = (
				FDEFF885260282AA00047C0C /* StoryboardInstantiable.swift */,
			);
			path = Protocols;
			sourceTree = "<group>";
		};
		FDEFF88A260282CF00047C0C /* Common */ = {
			isa = PBXGroup;
			children = (
				FDEFF88B260282DB00047C0C /* Storyboard.swift */,
				FDEFF91F2602E87F00047C0C /* KantoNavigationController.swift */,
				FD3B46B72603282500471D07 /* RounderCornersView.swift */,
				FDEFF84726023E7A00047C0C /* UserProfileProvider.swift */,
				FD3B46B22603201300471D07 /* XibView.swift */,
			);
			path = Common;
			sourceTree = "<group>";
		};
		FDEFF8A02602BE8C00047C0C /* Model */ = {
			isa = PBXGroup;
			children = (
				FDEFF7FA260237B600047C0C /* UserProfile.swift */,
				FD9AD9C62606F518004AE342 /* UserVideo.swift */,
			);
			path = Model;
			sourceTree = "<group>";
		};
		FDEFF8A42602C14300047C0C /* Launch */ = {
			isa = PBXGroup;
			children = (
				FDEFF8DE2602D33900047C0C /* LaunchScreen.storyboard */,
				FDEFF8AA2602C24500047C0C /* KantoLaunchScreenViewController.storyboard */,
				FDEFF8722602814F00047C0C /* KantoLaunchScreenViewController.swift */,
			);
			path = Launch;
			sourceTree = "<group>";
		};
		FDEFF8A52602C14800047C0C /* Profile */ = {
			isa = PBXGroup;
			children = (
				FD3B46BF260388FB00471D07 /* Cell */,
				FD3B46AC26031F1C00471D07 /* UserData */,
				FDEFF8E62602D7B300047C0C /* Edit */,
				FD3B464B2602EFEC00471D07 /* KantoProfileBuilder.swift */,
				FD3B466F2602F17600471D07 /* KantoProfileRouter.swift */,
				FD3B46772602F1F900471D07 /* KantoProfileViewController.storyboard */,
				FD7BA57226016F7C007A509D /* KantoProfileViewController.swift */,
				FD3B46812602F2DB00471D07 /* KantoProfileViewModel.swift */,
			);
			path = Profile;
			sourceTree = "<group>";
		};
		FDEFF8AF2602C2E300047C0C /* Resources */ = {
			isa = PBXGroup;
			children = (
				FDEFF8EA2602DC9700047C0C /* Lottie */,
				FDEFF8C22602CBDB00047C0C /* Fonts */,
				FD7BA57726016F7E007A509D /* Assets.xcassets */,
				FD7BA57C26016F7E007A509D /* Info.plist */,
			);
			path = Resources;
			sourceTree = "<group>";
		};
		FDEFF8C22602CBDB00047C0C /* Fonts */ = {
			isa = PBXGroup;
			children = (
				FDEFF8CD2602CE2200047C0C /* Animosa-Bold.ttf */,
				FDEFF8CE2602CE2200047C0C /* Animosa-ExtraBold.ttf */,
				FDEFF8CB2602CE2200047C0C /* Animosa-ExtraLight.ttf */,
				FDEFF8CF2602CE2200047C0C /* Animosa-Light.ttf */,
				FDEFF8CC2602CE2200047C0C /* Animosa-Regular.ttf */,
			);
			path = Fonts;
			sourceTree = "<group>";
		};
		FDEFF8E62602D7B300047C0C /* Edit */ = {
			isa = PBXGroup;
			children = (
				FD9ADA1B2607B558004AE342 /* Rows */,
				FD3B46892602F3A800471D07 /* KantoEditProfileBuilder.swift */,
				FD3B46942602F43500471D07 /* KantoEditProfileRouter.swift */,
				FD3B467C2602F25B00471D07 /* KantoEditProfileViewController.storyboard */,
				FDEFF7E02602333C00047C0C /* KantoEditProfileViewController.swift */,
				FD3B469C2602F4C800471D07 /* KantoEditProfileViewModel.swift */,
			);
			path = Edit;
			sourceTree = "<group>";
		};
		FDEFF8EA2602DC9700047C0C /* Lottie */ = {
			isa = PBXGroup;
			children = (
				FDEFF8EB2602DDBA00047C0C /* launch.json */,
			);
			path = Lottie;
			sourceTree = "<group>";
		};
/* End PBXGroup section */

/* Begin PBXNativeTarget section */
		FD7BA56A26016F7C007A509D /* kanto-test */ = {
			isa = PBXNativeTarget;
			buildConfigurationList = FD7BA59526016F7E007A509D /* Build configuration list for PBXNativeTarget "kanto-test" */;
			buildPhases = (
				FD7BA56726016F7C007A509D /* Sources */,
				FD7BA56826016F7C007A509D /* Frameworks */,
				FD7BA56926016F7C007A509D /* Resources */,
				FDEFF7BF2601A83C00047C0C /* Swiftlint */,
			);
			buildRules = (
			);
			dependencies = (
			);
			name = "kanto-test";
			packageProductDependencies = (
				FD7BA5A526017E60007A509D /* Bond */,
				FD7BA5AB26017ED6007A509D /* Realm */,
				FD7BA5AD26017ED6007A509D /* RealmSwift */,
				FDEFF878260281B400047C0C /* Lottie */,
			);
			productName = "kanto-test";
			productReference = FD7BA56B26016F7C007A509D /* kanto-test.app */;
			productType = "com.apple.product-type.application";
		};
		FD7BA58026016F7E007A509D /* kanto-testTests */ = {
			isa = PBXNativeTarget;
			buildConfigurationList = FD7BA59826016F7E007A509D /* Build configuration list for PBXNativeTarget "kanto-testTests" */;
			buildPhases = (
				FD7BA57D26016F7E007A509D /* Sources */,
				FD7BA57E26016F7E007A509D /* Frameworks */,
				FD7BA57F26016F7E007A509D /* Resources */,
			);
			buildRules = (
			);
			dependencies = (
				FD7BA58326016F7E007A509D /* PBXTargetDependency */,
			);
			name = "kanto-testTests";
			productName = "kanto-testTests";
			productReference = FD7BA58126016F7E007A509D /* kanto-testTests.xctest */;
			productType = "com.apple.product-type.bundle.unit-test";
		};
		FD7BA58B26016F7E007A509D /* kanto-testUITests */ = {
			isa = PBXNativeTarget;
			buildConfigurationList = FD7BA59B26016F7E007A509D /* Build configuration list for PBXNativeTarget "kanto-testUITests" */;
			buildPhases = (
				FD7BA58826016F7E007A509D /* Sources */,
				FD7BA58926016F7E007A509D /* Frameworks */,
				FD7BA58A26016F7E007A509D /* Resources */,
			);
			buildRules = (
			);
			dependencies = (
				FD7BA58E26016F7E007A509D /* PBXTargetDependency */,
			);
			name = "kanto-testUITests";
			productName = "kanto-testUITests";
			productReference = FD7BA58C26016F7E007A509D /* kanto-testUITests.xctest */;
			productType = "com.apple.product-type.bundle.ui-testing";
		};
/* End PBXNativeTarget section */

/* Begin PBXProject section */
		FD7BA56326016F7C007A509D /* Project object */ = {
			isa = PBXProject;
			attributes = {
				LastSwiftUpdateCheck = 1240;
				LastUpgradeCheck = 1240;
				TargetAttributes = {
					FD7BA56A26016F7C007A509D = {
						CreatedOnToolsVersion = 12.4;
					};
					FD7BA58026016F7E007A509D = {
						CreatedOnToolsVersion = 12.4;
						TestTargetID = FD7BA56A26016F7C007A509D;
					};
					FD7BA58B26016F7E007A509D = {
						CreatedOnToolsVersion = 12.4;
						TestTargetID = FD7BA56A26016F7C007A509D;
					};
				};
			};
			buildConfigurationList = FD7BA56626016F7C007A509D /* Build configuration list for PBXProject "kanto-test" */;
			compatibilityVersion = "Xcode 9.3";
			developmentRegion = en;
			hasScannedForEncodings = 0;
			knownRegions = (
				en,
				Base,
			);
			mainGroup = FD7BA56226016F7C007A509D;
			packageReferences = (
				FD7BA5A426017E60007A509D /* XCRemoteSwiftPackageReference "Bond" */,
				FD7BA5AA26017ED6007A509D /* XCRemoteSwiftPackageReference "realm-cocoa" */,
				FDEFF877260281B400047C0C /* XCRemoteSwiftPackageReference "lottie-ios" */,
			);
			productRefGroup = FD7BA56C26016F7C007A509D /* Products */;
			projectDirPath = "";
			projectRoot = "";
			targets = (
				FD7BA56A26016F7C007A509D /* kanto-test */,
				FD7BA58026016F7E007A509D /* kanto-testTests */,
				FD7BA58B26016F7E007A509D /* kanto-testUITests */,
			);
		};
/* End PBXProject section */

/* Begin PBXResourcesBuildPhase section */
		FD7BA56926016F7C007A509D /* Resources */ = {
			isa = PBXResourcesBuildPhase;
			buildActionMask = 2147483647;
			files = (
				FD3B46A826031F0B00471D07 /* KantoProfileUserDataView.xib in Resources */,
				FD3B467D2602F25B00471D07 /* KantoEditProfileViewController.storyboard in Resources */,
				FDEFF8D42602CE2200047C0C /* Animosa-Light.ttf in Resources */,
				FD4D27CF2607B5E700A3F0F0 /* InputRow.xib in Resources */,
				FDEFF8DF2602D33900047C0C /* LaunchScreen.storyboard in Resources */,
				FDEFF8AB2602C24500047C0C /* KantoLaunchScreenViewController.storyboard in Resources */,
				FDEFF8D02602CE2200047C0C /* Animosa-ExtraLight.ttf in Resources */,
				FDEFF8EC2602DDBA00047C0C /* launch.json in Resources */,
				FDEFF8D12602CE2200047C0C /* Animosa-Regular.ttf in Resources */,
				FDEFF8D32602CE2200047C0C /* Animosa-ExtraBold.ttf in Resources */,
				FD3B46C62603892700471D07 /* KantoVideoCell.xib in Resources */,
				FD3B46782602F1F900471D07 /* KantoProfileViewController.storyboard in Resources */,
				FD4D28052607F79D00A3F0F0 /* README.md in Resources */,
				FD7BA57826016F7E007A509D /* Assets.xcassets in Resources */,
				FDEFF8D22602CE2200047C0C /* Animosa-Bold.ttf in Resources */,
			);
			runOnlyForDeploymentPostprocessing = 0;
		};
		FD7BA57F26016F7E007A509D /* Resources */ = {
			isa = PBXResourcesBuildPhase;
			buildActionMask = 2147483647;
			files = (
			);
			runOnlyForDeploymentPostprocessing = 0;
		};
		FD7BA58A26016F7E007A509D /* Resources */ = {
			isa = PBXResourcesBuildPhase;
			buildActionMask = 2147483647;
			files = (
			);
			runOnlyForDeploymentPostprocessing = 0;
		};
/* End PBXResourcesBuildPhase section */

/* Begin PBXShellScriptBuildPhase section */
		FDEFF7BF2601A83C00047C0C /* Swiftlint */ = {
			isa = PBXShellScriptBuildPhase;
			buildActionMask = 2147483647;
			files = (
			);
			inputFileListPaths = (
			);
			inputPaths = (
			);
			name = Swiftlint;
			outputFileListPaths = (
			);
			outputPaths = (
			);
			runOnlyForDeploymentPostprocessing = 0;
			shellPath = /bin/sh;
			shellScript = "if which swiftlint >/dev/null; then\n    swiftlint\nelse\n    echo \"error: SwiftLint not installed.\"\nfi\n";
		};
/* End PBXShellScriptBuildPhase section */

/* Begin PBXSourcesBuildPhase section */
		FD7BA56726016F7C007A509D /* Sources */ = {
			isa = PBXSourcesBuildPhase;
			buildActionMask = 2147483647;
			files = (
				FD3B465C2602F04100471D07 /* ViewController.swift in Sources */,
				FD3B46C12603891A00471D07 /* KantoVideoCell.swift in Sources */,
				FD9ADA172607B3D2004AE342 /* InputRowViewModel.swift in Sources */,
				FDEFF7E6260233F500047C0C /* AppCoordinator.swift in Sources */,
				FD9AD9962603C27F004AE342 /* URLRequest+Helpers.swift in Sources */,
				FD3B46AE26031F3300471D07 /* KantoProfileUserDataView.swift in Sources */,
				FDEFF81926023BA500047C0C /* ApiService+CDN.swift in Sources */,
				FDEFF82D26023C3700047C0C /* NetworkRequest.swift in Sources */,
				FDEFF84826023E7A00047C0C /* UserProfileProvider.swift in Sources */,
				FDEFF88C260282DB00047C0C /* Storyboard.swift in Sources */,
				FD3B464C2602EFEC00471D07 /* KantoProfileBuilder.swift in Sources */,
				FDEFF7F1260235E000047C0C /* PersistenceController.swift in Sources */,
				FDEFF7E12602333C00047C0C /* KantoEditProfileViewController.swift in Sources */,
				FDEFF8942602B4BE00047C0C /* UIView+Autolayout.swift in Sources */,
				FDEFF80926023A7000047C0C /* KeychainHelper.swift in Sources */,
				FD3B46662602F08100471D07 /* ViewModelDataSource.swift in Sources */,
				FDEFF83B26023CE600047C0C /* Request.swift in Sources */,
				FDEFF8992602BC8400047C0C /* AnimationView.swift in Sources */,
				FDEFF857260241A900047C0C /* Data+Helpers.swift in Sources */,
				FD9AD99B2603C507004AE342 /* ApiService+UserData.swift in Sources */,
				FDEFF886260282AA00047C0C /* StoryboardInstantiable.swift in Sources */,
				FDEFF80F26023ADE00047C0C /* Context.swift in Sources */,
				FDEFF82726023BFF00047C0C /* ApiResource.swift in Sources */,
				FDEFF7F62602360B00047C0C /* KeyValueStorage.swift in Sources */,
				FDEFF8732602814F00047C0C /* KantoLaunchScreenViewController.swift in Sources */,
				FD9AD9912603C21B004AE342 /* HTTPMethod.swift in Sources */,
				FDEFF9202602E88000047C0C /* KantoNavigationController.swift in Sources */,
				FD9ADA122607B373004AE342 /* InputRow.swift in Sources */,
				FD9AD9B72606D72D004AE342 /* UIImageView+Rounded.swift in Sources */,
				FD3B46B32603201300471D07 /* XibView.swift in Sources */,
				FD3B466B2602F0A200471D07 /* Router.swift in Sources */,
				FD3B468A2602F3A800471D07 /* KantoEditProfileBuilder.swift in Sources */,
				FD3B469D2602F4C800471D07 /* KantoEditProfileViewModel.swift in Sources */,
				FD9AD9BF2606F285004AE342 /* UIButton+Rounded.swift in Sources */,
				FD3B46B82603282500471D07 /* RounderCornersView.swift in Sources */,
				FDEFF7EB2602350200047C0C /* ApiService.swift in Sources */,
				FD9AD9AB2603F3CE004AE342 /* VideosResource.swift in Sources */,
				FD3B46822602F2DB00471D07 /* KantoProfileViewModel.swift in Sources */,
				FD3B46612602F06800471D07 /* ViewModel.swift in Sources */,
				FD7BA57326016F7C007A509D /* KantoProfileViewController.swift in Sources */,
				FD3B46952602F43500471D07 /* KantoEditProfileRouter.swift in Sources */,
				FDEFF8522602415100047C0C /* String+NonDigits.swift in Sources */,
				FD3B46572602F01E00471D07 /* Builder.swift in Sources */,
				FD9AD9872603C132004AE342 /* UserDataResource.swift in Sources */,
				FD7BA56F26016F7C007A509D /* AppDelegate.swift in Sources */,
				FDEFF83326023CB000047C0C /* Error+Code.swift in Sources */,
				FD3B46702602F17600471D07 /* KantoProfileRouter.swift in Sources */,
				FDEFF84D2602403900047C0C /* ApiRequest.swift in Sources */,
				FDEFF9252602E8B100047C0C /* UIFont+Helpers.swift in Sources */,
				FD4D27DD2607BFF300A3F0F0 /* UITextField+Helpers.swift in Sources */,
				FD9AD98C2603C16C004AE342 /* Endpoint.swift in Sources */,
				FDEFF7FB260237B600047C0C /* UserProfile.swift in Sources */,
				FD9AD9C72606F518004AE342 /* UserVideo.swift in Sources */,
			);
			runOnlyForDeploymentPostprocessing = 0;
		};
		FD7BA57D26016F7E007A509D /* Sources */ = {
			isa = PBXSourcesBuildPhase;
			buildActionMask = 2147483647;
			files = (
			);
			runOnlyForDeploymentPostprocessing = 0;
		};
		FD7BA58826016F7E007A509D /* Sources */ = {
			isa = PBXSourcesBuildPhase;
			buildActionMask = 2147483647;
			files = (
			);
			runOnlyForDeploymentPostprocessing = 0;
		};
/* End PBXSourcesBuildPhase section */

/* Begin PBXTargetDependency section */
		FD7BA58326016F7E007A509D /* PBXTargetDependency */ = {
			isa = PBXTargetDependency;
			target = FD7BA56A26016F7C007A509D /* kanto-test */;
			targetProxy = FD7BA58226016F7E007A509D /* PBXContainerItemProxy */;
		};
		FD7BA58E26016F7E007A509D /* PBXTargetDependency */ = {
			isa = PBXTargetDependency;
			target = FD7BA56A26016F7C007A509D /* kanto-test */;
			targetProxy = FD7BA58D26016F7E007A509D /* PBXContainerItemProxy */;
		};
/* End PBXTargetDependency section */

/* Begin XCBuildConfiguration section */
		FD7BA59326016F7E007A509D /* Debug */ = {
			isa = XCBuildConfiguration;
			buildSettings = {
				ALWAYS_SEARCH_USER_PATHS = NO;
				CLANG_ANALYZER_NONNULL = YES;
				CLANG_ANALYZER_NUMBER_OBJECT_CONVERSION = YES_AGGRESSIVE;
				CLANG_CXX_LANGUAGE_STANDARD = "gnu++14";
				CLANG_CXX_LIBRARY = "libc++";
				CLANG_ENABLE_MODULES = YES;
				CLANG_ENABLE_OBJC_ARC = YES;
				CLANG_ENABLE_OBJC_WEAK = YES;
				CLANG_WARN_BLOCK_CAPTURE_AUTORELEASING = YES;
				CLANG_WARN_BOOL_CONVERSION = YES;
				CLANG_WARN_COMMA = YES;
				CLANG_WARN_CONSTANT_CONVERSION = YES;
				CLANG_WARN_DEPRECATED_OBJC_IMPLEMENTATIONS = YES;
				CLANG_WARN_DIRECT_OBJC_ISA_USAGE = YES_ERROR;
				CLANG_WARN_DOCUMENTATION_COMMENTS = YES;
				CLANG_WARN_EMPTY_BODY = YES;
				CLANG_WARN_ENUM_CONVERSION = YES;
				CLANG_WARN_INFINITE_RECURSION = YES;
				CLANG_WARN_INT_CONVERSION = YES;
				CLANG_WARN_NON_LITERAL_NULL_CONVERSION = YES;
				CLANG_WARN_OBJC_IMPLICIT_RETAIN_SELF = YES;
				CLANG_WARN_OBJC_LITERAL_CONVERSION = YES;
				CLANG_WARN_OBJC_ROOT_CLASS = YES_ERROR;
				CLANG_WARN_QUOTED_INCLUDE_IN_FRAMEWORK_HEADER = YES;
				CLANG_WARN_RANGE_LOOP_ANALYSIS = YES;
				CLANG_WARN_STRICT_PROTOTYPES = YES;
				CLANG_WARN_SUSPICIOUS_MOVE = YES;
				CLANG_WARN_UNGUARDED_AVAILABILITY = YES_AGGRESSIVE;
				CLANG_WARN_UNREACHABLE_CODE = YES;
				CLANG_WARN__DUPLICATE_METHOD_MATCH = YES;
				COPY_PHASE_STRIP = NO;
				DEBUG_INFORMATION_FORMAT = dwarf;
				ENABLE_STRICT_OBJC_MSGSEND = YES;
				ENABLE_TESTABILITY = YES;
				GCC_C_LANGUAGE_STANDARD = gnu11;
				GCC_DYNAMIC_NO_PIC = NO;
				GCC_NO_COMMON_BLOCKS = YES;
				GCC_OPTIMIZATION_LEVEL = 0;
				GCC_PREPROCESSOR_DEFINITIONS = (
					"DEBUG=1",
					"$(inherited)",
				);
				GCC_WARN_64_TO_32_BIT_CONVERSION = YES;
				GCC_WARN_ABOUT_RETURN_TYPE = YES_ERROR;
				GCC_WARN_UNDECLARED_SELECTOR = YES;
				GCC_WARN_UNINITIALIZED_AUTOS = YES_AGGRESSIVE;
				GCC_WARN_UNUSED_FUNCTION = YES;
				GCC_WARN_UNUSED_VARIABLE = YES;
				IPHONEOS_DEPLOYMENT_TARGET = 14.4;
				MTL_ENABLE_DEBUG_INFO = INCLUDE_SOURCE;
				MTL_FAST_MATH = YES;
				ONLY_ACTIVE_ARCH = YES;
				SDKROOT = iphoneos;
				SWIFT_ACTIVE_COMPILATION_CONDITIONS = DEBUG;
				SWIFT_OPTIMIZATION_LEVEL = "-Onone";
			};
			name = Debug;
		};
		FD7BA59426016F7E007A509D /* Release */ = {
			isa = XCBuildConfiguration;
			buildSettings = {
				ALWAYS_SEARCH_USER_PATHS = NO;
				CLANG_ANALYZER_NONNULL = YES;
				CLANG_ANALYZER_NUMBER_OBJECT_CONVERSION = YES_AGGRESSIVE;
				CLANG_CXX_LANGUAGE_STANDARD = "gnu++14";
				CLANG_CXX_LIBRARY = "libc++";
				CLANG_ENABLE_MODULES = YES;
				CLANG_ENABLE_OBJC_ARC = YES;
				CLANG_ENABLE_OBJC_WEAK = YES;
				CLANG_WARN_BLOCK_CAPTURE_AUTORELEASING = YES;
				CLANG_WARN_BOOL_CONVERSION = YES;
				CLANG_WARN_COMMA = YES;
				CLANG_WARN_CONSTANT_CONVERSION = YES;
				CLANG_WARN_DEPRECATED_OBJC_IMPLEMENTATIONS = YES;
				CLANG_WARN_DIRECT_OBJC_ISA_USAGE = YES_ERROR;
				CLANG_WARN_DOCUMENTATION_COMMENTS = YES;
				CLANG_WARN_EMPTY_BODY = YES;
				CLANG_WARN_ENUM_CONVERSION = YES;
				CLANG_WARN_INFINITE_RECURSION = YES;
				CLANG_WARN_INT_CONVERSION = YES;
				CLANG_WARN_NON_LITERAL_NULL_CONVERSION = YES;
				CLANG_WARN_OBJC_IMPLICIT_RETAIN_SELF = YES;
				CLANG_WARN_OBJC_LITERAL_CONVERSION = YES;
				CLANG_WARN_OBJC_ROOT_CLASS = YES_ERROR;
				CLANG_WARN_QUOTED_INCLUDE_IN_FRAMEWORK_HEADER = YES;
				CLANG_WARN_RANGE_LOOP_ANALYSIS = YES;
				CLANG_WARN_STRICT_PROTOTYPES = YES;
				CLANG_WARN_SUSPICIOUS_MOVE = YES;
				CLANG_WARN_UNGUARDED_AVAILABILITY = YES_AGGRESSIVE;
				CLANG_WARN_UNREACHABLE_CODE = YES;
				CLANG_WARN__DUPLICATE_METHOD_MATCH = YES;
				COPY_PHASE_STRIP = NO;
				DEBUG_INFORMATION_FORMAT = "dwarf-with-dsym";
				ENABLE_NS_ASSERTIONS = NO;
				ENABLE_STRICT_OBJC_MSGSEND = YES;
				GCC_C_LANGUAGE_STANDARD = gnu11;
				GCC_NO_COMMON_BLOCKS = YES;
				GCC_WARN_64_TO_32_BIT_CONVERSION = YES;
				GCC_WARN_ABOUT_RETURN_TYPE = YES_ERROR;
				GCC_WARN_UNDECLARED_SELECTOR = YES;
				GCC_WARN_UNINITIALIZED_AUTOS = YES_AGGRESSIVE;
				GCC_WARN_UNUSED_FUNCTION = YES;
				GCC_WARN_UNUSED_VARIABLE = YES;
				IPHONEOS_DEPLOYMENT_TARGET = 14.4;
				MTL_ENABLE_DEBUG_INFO = NO;
				MTL_FAST_MATH = YES;
				SDKROOT = iphoneos;
				SWIFT_COMPILATION_MODE = wholemodule;
				SWIFT_OPTIMIZATION_LEVEL = "-O";
				VALIDATE_PRODUCT = YES;
			};
			name = Release;
		};
		FD7BA59626016F7E007A509D /* Debug */ = {
			isa = XCBuildConfiguration;
			buildSettings = {
				ASSETCATALOG_COMPILER_APPICON_NAME = AppIcon;
				ASSETCATALOG_COMPILER_GLOBAL_ACCENT_COLOR_NAME = AccentColor;
				CODE_SIGN_IDENTITY = "Apple Development";
				CODE_SIGN_STYLE = Automatic;
				DEVELOPMENT_TEAM = "";
				INFOPLIST_FILE = "kanto-test/Resources/Info.plist";
				LD_RUNPATH_SEARCH_PATHS = (
					"$(inherited)",
					"@executable_path/Frameworks",
				);
				PRODUCT_BUNDLE_IDENTIFIER = cucobein.ktest;
				PRODUCT_NAME = "$(TARGET_NAME)";
				PROVISIONING_PROFILE_SPECIFIER = "";
				SWIFT_VERSION = 5.0;
				TARGETED_DEVICE_FAMILY = 1;
			};
			name = Debug;
		};
		FD7BA59726016F7E007A509D /* Release */ = {
			isa = XCBuildConfiguration;
			buildSettings = {
				ASSETCATALOG_COMPILER_APPICON_NAME = AppIcon;
				ASSETCATALOG_COMPILER_GLOBAL_ACCENT_COLOR_NAME = AccentColor;
				CODE_SIGN_IDENTITY = "Apple Development";
				CODE_SIGN_STYLE = Automatic;
				DEVELOPMENT_TEAM = "";
				INFOPLIST_FILE = "kanto-test/Resources/Info.plist";
				LD_RUNPATH_SEARCH_PATHS = (
					"$(inherited)",
					"@executable_path/Frameworks",
				);
				PRODUCT_BUNDLE_IDENTIFIER = cucobein.ktest;
				PRODUCT_NAME = "$(TARGET_NAME)";
				PROVISIONING_PROFILE_SPECIFIER = "";
				SWIFT_VERSION = 5.0;
				TARGETED_DEVICE_FAMILY = 1;
			};
			name = Release;
		};
		FD7BA59926016F7E007A509D /* Debug */ = {
			isa = XCBuildConfiguration;
			buildSettings = {
				ALWAYS_EMBED_SWIFT_STANDARD_LIBRARIES = YES;
				BUNDLE_LOADER = "$(TEST_HOST)";
				CODE_SIGN_STYLE = Automatic;
				INFOPLIST_FILE = "kanto-testTests/Info.plist";
				IPHONEOS_DEPLOYMENT_TARGET = 14.4;
				LD_RUNPATH_SEARCH_PATHS = (
					"$(inherited)",
					"@executable_path/Frameworks",
					"@loader_path/Frameworks",
				);
				PRODUCT_BUNDLE_IDENTIFIER = "cucobein.kanto-testTests";
				PRODUCT_NAME = "$(TARGET_NAME)";
				SWIFT_VERSION = 5.0;
				TARGETED_DEVICE_FAMILY = "1,2";
				TEST_HOST = "$(BUILT_PRODUCTS_DIR)/kanto-test.app/kanto-test";
			};
			name = Debug;
		};
		FD7BA59A26016F7E007A509D /* Release */ = {
			isa = XCBuildConfiguration;
			buildSettings = {
				ALWAYS_EMBED_SWIFT_STANDARD_LIBRARIES = YES;
				BUNDLE_LOADER = "$(TEST_HOST)";
				CODE_SIGN_STYLE = Automatic;
				INFOPLIST_FILE = "kanto-testTests/Info.plist";
				IPHONEOS_DEPLOYMENT_TARGET = 14.4;
				LD_RUNPATH_SEARCH_PATHS = (
					"$(inherited)",
					"@executable_path/Frameworks",
					"@loader_path/Frameworks",
				);
				PRODUCT_BUNDLE_IDENTIFIER = "cucobein.kanto-testTests";
				PRODUCT_NAME = "$(TARGET_NAME)";
				SWIFT_VERSION = 5.0;
				TARGETED_DEVICE_FAMILY = "1,2";
				TEST_HOST = "$(BUILT_PRODUCTS_DIR)/kanto-test.app/kanto-test";
			};
			name = Release;
		};
		FD7BA59C26016F7E007A509D /* Debug */ = {
			isa = XCBuildConfiguration;
			buildSettings = {
				ALWAYS_EMBED_SWIFT_STANDARD_LIBRARIES = YES;
				CODE_SIGN_STYLE = Automatic;
				INFOPLIST_FILE = "kanto-testUITests/Info.plist";
				LD_RUNPATH_SEARCH_PATHS = (
					"$(inherited)",
					"@executable_path/Frameworks",
					"@loader_path/Frameworks",
				);
				PRODUCT_BUNDLE_IDENTIFIER = "cucobein.kanto-testUITests";
				PRODUCT_NAME = "$(TARGET_NAME)";
				SWIFT_VERSION = 5.0;
				TARGETED_DEVICE_FAMILY = "1,2";
				TEST_TARGET_NAME = "kanto-test";
			};
			name = Debug;
		};
		FD7BA59D26016F7E007A509D /* Release */ = {
			isa = XCBuildConfiguration;
			buildSettings = {
				ALWAYS_EMBED_SWIFT_STANDARD_LIBRARIES = YES;
				CODE_SIGN_STYLE = Automatic;
				INFOPLIST_FILE = "kanto-testUITests/Info.plist";
				LD_RUNPATH_SEARCH_PATHS = (
					"$(inherited)",
					"@executable_path/Frameworks",
					"@loader_path/Frameworks",
				);
				PRODUCT_BUNDLE_IDENTIFIER = "cucobein.kanto-testUITests";
				PRODUCT_NAME = "$(TARGET_NAME)";
				SWIFT_VERSION = 5.0;
				TARGETED_DEVICE_FAMILY = "1,2";
				TEST_TARGET_NAME = "kanto-test";
			};
			name = Release;
		};
/* End XCBuildConfiguration section */

/* Begin XCConfigurationList section */
		FD7BA56626016F7C007A509D /* Build configuration list for PBXProject "kanto-test" */ = {
			isa = XCConfigurationList;
			buildConfigurations = (
				FD7BA59326016F7E007A509D /* Debug */,
				FD7BA59426016F7E007A509D /* Release */,
			);
			defaultConfigurationIsVisible = 0;
			defaultConfigurationName = Release;
		};
		FD7BA59526016F7E007A509D /* Build configuration list for PBXNativeTarget "kanto-test" */ = {
			isa = XCConfigurationList;
			buildConfigurations = (
				FD7BA59626016F7E007A509D /* Debug */,
				FD7BA59726016F7E007A509D /* Release */,
			);
			defaultConfigurationIsVisible = 0;
			defaultConfigurationName = Release;
		};
		FD7BA59826016F7E007A509D /* Build configuration list for PBXNativeTarget "kanto-testTests" */ = {
			isa = XCConfigurationList;
			buildConfigurations = (
				FD7BA59926016F7E007A509D /* Debug */,
				FD7BA59A26016F7E007A509D /* Release */,
			);
			defaultConfigurationIsVisible = 0;
			defaultConfigurationName = Release;
		};
		FD7BA59B26016F7E007A509D /* Build configuration list for PBXNativeTarget "kanto-testUITests" */ = {
			isa = XCConfigurationList;
			buildConfigurations = (
				FD7BA59C26016F7E007A509D /* Debug */,
				FD7BA59D26016F7E007A509D /* Release */,
			);
			defaultConfigurationIsVisible = 0;
			defaultConfigurationName = Release;
		};
/* End XCConfigurationList section */

/* Begin XCRemoteSwiftPackageReference section */
		FD7BA5A426017E60007A509D /* XCRemoteSwiftPackageReference "Bond" */ = {
			isa = XCRemoteSwiftPackageReference;
			repositoryURL = "https://github.com/DeclarativeHub/Bond";
			requirement = {
				kind = upToNextMajorVersion;
				minimumVersion = 7.8.1;
			};
		};
		FD7BA5AA26017ED6007A509D /* XCRemoteSwiftPackageReference "realm-cocoa" */ = {
			isa = XCRemoteSwiftPackageReference;
			repositoryURL = "https://github.com/realm/realm-cocoa";
			requirement = {
				kind = upToNextMajorVersion;
				minimumVersion = 10.7.2;
			};
		};
		FDEFF877260281B400047C0C /* XCRemoteSwiftPackageReference "lottie-ios" */ = {
			isa = XCRemoteSwiftPackageReference;
			repositoryURL = "https://github.com/airbnb/lottie-ios.git";
			requirement = {
				kind = upToNextMajorVersion;
				minimumVersion = 3.2.1;
			};
		};
/* End XCRemoteSwiftPackageReference section */

/* Begin XCSwiftPackageProductDependency section */
		FD7BA5A526017E60007A509D /* Bond */ = {
			isa = XCSwiftPackageProductDependency;
			package = FD7BA5A426017E60007A509D /* XCRemoteSwiftPackageReference "Bond" */;
			productName = Bond;
		};
		FD7BA5AB26017ED6007A509D /* Realm */ = {
			isa = XCSwiftPackageProductDependency;
			package = FD7BA5AA26017ED6007A509D /* XCRemoteSwiftPackageReference "realm-cocoa" */;
			productName = Realm;
		};
		FD7BA5AD26017ED6007A509D /* RealmSwift */ = {
			isa = XCSwiftPackageProductDependency;
			package = FD7BA5AA26017ED6007A509D /* XCRemoteSwiftPackageReference "realm-cocoa" */;
			productName = RealmSwift;
		};
		FDEFF878260281B400047C0C /* Lottie */ = {
			isa = XCSwiftPackageProductDependency;
			package = FDEFF877260281B400047C0C /* XCRemoteSwiftPackageReference "lottie-ios" */;
			productName = Lottie;
		};
/* End XCSwiftPackageProductDependency section */
	};
	rootObject = FD7BA56326016F7C007A509D /* Project object */;
}
